// !$*UTF8*$!
{
	archiveVersion = 1;
	classes = {
	};
	objectVersion = 46;
	objects = {

/* Begin PBXBuildFile section */
		00E356F31AD99517003FC87E /* CBTCompanionTests.m in Sources */ = {isa = PBXBuildFile; fileRef = 00E356F21AD99517003FC87E /* CBTCompanionTests.m */; };
		043ABD8D0B44B8B69626AC4E /* libPods-CBTCompanionTests.a in Frameworks */ = {isa = PBXBuildFile; fileRef = 1BFD91C6ADA917723BE4956A /* libPods-CBTCompanionTests.a */; };
		04F35D67C71B4D74A34D3667 /* AirbnbCerealApp-Bold.ttf in Resources */ = {isa = PBXBuildFile; fileRef = FCA455FAD6444D9AA878DACB /* AirbnbCerealApp-Bold.ttf */; };
		13B07FBC1A68108700A75B9A /* AppDelegate.m in Sources */ = {isa = PBXBuildFile; fileRef = 13B07FB01A68108700A75B9A /* AppDelegate.m */; };
		13B07FC11A68108700A75B9A /* main.m in Sources */ = {isa = PBXBuildFile; fileRef = 13B07FB71A68108700A75B9A /* main.m */; };
		1CB9C4DC23B39E0500B17ACA /* RNPlaceholder.swift in Sources */ = {isa = PBXBuildFile; fileRef = 1CB9C4DB23B39E0500B17ACA /* RNPlaceholder.swift */; };
		1CC72EE2231A5E56008ED0DD /* JavaScriptCore.framework in Frameworks */ = {isa = PBXBuildFile; fileRef = 1CC72E9A231A5E56008ED0DD /* JavaScriptCore.framework */; };
		22BBED432498F0BA00524203 /* HealthKit.framework in Frameworks */ = {isa = PBXBuildFile; fileRef = 22BBED422498F0BA00524203 /* HealthKit.framework */; };
		22EC3B3D24AF88CC006390CA /* cuebell2.mp3 in Resources */ = {isa = PBXBuildFile; fileRef = 22EC3B3224AF88CA006390CA /* cuebell2.mp3 */; };
		22EC3B3E24AF88CC006390CA /* paulexhale.mp3 in Resources */ = {isa = PBXBuildFile; fileRef = 22EC3B3324AF88CA006390CA /* paulexhale.mp3 */; };
		22EC3B3F24AF88CC006390CA /* endingbell1.mp3 in Resources */ = {isa = PBXBuildFile; fileRef = 22EC3B3424AF88CA006390CA /* endingbell1.mp3 */; };
		22EC3B4024AF88CC006390CA /* laurahold.mp3 in Resources */ = {isa = PBXBuildFile; fileRef = 22EC3B3524AF88CB006390CA /* laurahold.mp3 */; };
		22EC3B4124AF88CC006390CA /* laurainhale.mp3 in Resources */ = {isa = PBXBuildFile; fileRef = 22EC3B3624AF88CB006390CA /* laurainhale.mp3 */; };
		22EC3B4224AF88CC006390CA /* cuebell1.mp3 in Resources */ = {isa = PBXBuildFile; fileRef = 22EC3B3724AF88CB006390CA /* cuebell1.mp3 */; };
		22EC3B4324AF88CC006390CA /* paulbreatheout.mp3 in Resources */ = {isa = PBXBuildFile; fileRef = 22EC3B3824AF88CB006390CA /* paulbreatheout.mp3 */; };
		22EC3B4424AF88CC006390CA /* paulhold.mp3 in Resources */ = {isa = PBXBuildFile; fileRef = 22EC3B3924AF88CB006390CA /* paulhold.mp3 */; };
		22EC3B4524AF88CC006390CA /* paulinhale.mp3 in Resources */ = {isa = PBXBuildFile; fileRef = 22EC3B3A24AF88CB006390CA /* paulinhale.mp3 */; };
		22EC3B4624AF88CC006390CA /* paulthein.mp3 in Resources */ = {isa = PBXBuildFile; fileRef = 22EC3B3B24AF88CB006390CA /* paulthein.mp3 */; };
		22EC3B4724AF88CC006390CA /* lauraexhale.mp3 in Resources */ = {isa = PBXBuildFile; fileRef = 22EC3B3C24AF88CC006390CA /* lauraexhale.mp3 */; };
		294B42898B3F4F248797CD8D /* Nunito-SemiBold.ttf in Resources */ = {isa = PBXBuildFile; fileRef = F3B8028612D34F40B26C096E /* Nunito-SemiBold.ttf */; };
		2D02E4BC1E0B4A80006451C7 /* AppDelegate.m in Sources */ = {isa = PBXBuildFile; fileRef = 13B07FB01A68108700A75B9A /* AppDelegate.m */; };
		2D02E4BF1E0B4AB3006451C7 /* main.m in Sources */ = {isa = PBXBuildFile; fileRef = 13B07FB71A68108700A75B9A /* main.m */; };
		2D16E6881FA4F8E400B85C8A /* libReact.a in Frameworks */ = {isa = PBXBuildFile; fileRef = 2D16E6891FA4F8E400B85C8A /* libReact.a */; };
		2DCD954D1E0B4F2C00145EB5 /* CBTCompanionTests.m in Sources */ = {isa = PBXBuildFile; fileRef = 00E356F21AD99517003FC87E /* CBTCompanionTests.m */; };
		33263FAD24CC47F99D2EF820 /* libRNSVG-tvOS.a in Frameworks */ = {isa = PBXBuildFile; fileRef = E147D3AC377E4ABFA8A1D8DC /* libRNSVG-tvOS.a */; };
		3F337BEF0DE046D29B5F1AB7 /* AirbnbCerealApp-Medium.ttf in Resources */ = {isa = PBXBuildFile; fileRef = 1F204A941DD64A17AAC34982 /* AirbnbCerealApp-Medium.ttf */; };
		43CF70BD621F4A07A4603A66 /* libReactNativeConfig-tvOS.a in Frameworks */ = {isa = PBXBuildFile; fileRef = AF7BBA6620E443808A75C516 /* libReactNativeConfig-tvOS.a */; };
		4BCDBB9CA02C44F2A84E6B12 /* RTRaleway-Medium.ttf in Resources */ = {isa = PBXBuildFile; fileRef = DF7137B35CA940158E1D993C /* RTRaleway-Medium.ttf */; };
		5C904DD5592F4AF383702793 /* Montserrat-Medium.ttf in Resources */ = {isa = PBXBuildFile; fileRef = 199A58E920264B8A9278E9F7 /* Montserrat-Medium.ttf */; };
		68DEEAED057F414B80DDD753 /* Nunito-Bold.ttf in Resources */ = {isa = PBXBuildFile; fileRef = D501A5AED8FF418984991608 /* Nunito-Bold.ttf */; };
		893E08DAB5BD4E8C986CA3A1 /* Montserrat-Regular.ttf in Resources */ = {isa = PBXBuildFile; fileRef = 1E139AFCDA514DFEB5F26AF7 /* Montserrat-Regular.ttf */; };
		A13E7BD7ADD140318CC4701F /* RTRaleway-Regular.ttf in Resources */ = {isa = PBXBuildFile; fileRef = F02CA684A5F748B89ACE1DDF /* RTRaleway-Regular.ttf */; };
		AF01832576648FC8AC53DD08 /* libPods-CBTCompanion.a in Frameworks */ = {isa = PBXBuildFile; fileRef = 69D8FAA207D16CA4A63A2B7A /* libPods-CBTCompanion.a */; };
		D0A399C721D2025B005FA40B /* Images.xcassets in Resources */ = {isa = PBXBuildFile; fileRef = D0A399C621D2025B005FA40B /* Images.xcassets */; };
		D0F22495228178B900E59CF8 /* StoreKit.framework in Frameworks */ = {isa = PBXBuildFile; fileRef = D0F22494228178B900E59CF8 /* StoreKit.framework */; };
		D90327C5A73F46C2B5D6AAD6 /* RTRaleway-Bold.ttf in Resources */ = {isa = PBXBuildFile; fileRef = E68AF4FD1DC04B24B60B940F /* RTRaleway-Bold.ttf */; };
		D9FC8EE50CE002C598E5B720 /* libPods-CBTCompanion-tvOS.a in Frameworks */ = {isa = PBXBuildFile; fileRef = 99C8F06B7301E2B9FEA7294D /* libPods-CBTCompanion-tvOS.a */; };
		E11109F0A2F1405885CCC6CE /* Nunito-Regular.ttf in Resources */ = {isa = PBXBuildFile; fileRef = 70EFA229C98541FB9201BBFC /* Nunito-Regular.ttf */; };
		E6F2CFDE9A37455997A2360B /* AirbnbCerealApp-Book.ttf in Resources */ = {isa = PBXBuildFile; fileRef = A7F5D9E02D364812BFA63325 /* AirbnbCerealApp-Book.ttf */; };
/* End PBXBuildFile section */

/* Begin PBXContainerItemProxy section */
		00E356F41AD99517003FC87E /* PBXContainerItemProxy */ = {
			isa = PBXContainerItemProxy;
			containerPortal = 83CBB9F71A601CBA00E9B192 /* Project object */;
			proxyType = 1;
			remoteGlobalIDString = 13B07F861A680F5B00A75B9A;
			remoteInfo = CBTCompanion;
		};
		2D02E4911E0B4A5D006451C7 /* PBXContainerItemProxy */ = {
			isa = PBXContainerItemProxy;
			containerPortal = 83CBB9F71A601CBA00E9B192 /* Project object */;
			proxyType = 1;
			remoteGlobalIDString = 2D02E47A1E0B4A5D006451C7;
			remoteInfo = "CBTCompanion-tvOS";
		};
/* End PBXContainerItemProxy section */

/* Begin PBXCopyFilesBuildPhase section */
		32026CBD2183EA4E00D7874D /* Embed Frameworks */ = {
			isa = PBXCopyFilesBuildPhase;
			buildActionMask = 2147483647;
			dstPath = "";
			dstSubfolderSpec = 10;
			files = (
			);
			name = "Embed Frameworks";
			runOnlyForDeploymentPostprocessing = 0;
		};
/* End PBXCopyFilesBuildPhase section */

/* Begin PBXFileReference section */
		008F07F21AC5B25A0029DE68 /* main.jsbundle */ = {isa = PBXFileReference; fileEncoding = 4; lastKnownFileType = text; path = main.jsbundle; sourceTree = "<group>"; };
		00E356EE1AD99517003FC87E /* CBTCompanionTests.xctest */ = {isa = PBXFileReference; explicitFileType = wrapper.cfbundle; includeInIndex = 0; path = CBTCompanionTests.xctest; sourceTree = BUILT_PRODUCTS_DIR; };
		00E356F11AD99517003FC87E /* Info.plist */ = {isa = PBXFileReference; lastKnownFileType = text.plist.xml; path = Info.plist; sourceTree = "<group>"; };
		00E356F21AD99517003FC87E /* CBTCompanionTests.m */ = {isa = PBXFileReference; lastKnownFileType = sourcecode.c.objc; path = CBTCompanionTests.m; sourceTree = "<group>"; };
		078081DFE9A343DF8FE2B3F7 /* Feather.ttf */ = {isa = PBXFileReference; explicitFileType = undefined; fileEncoding = 9; includeInIndex = 0; lastKnownFileType = unknown; name = Feather.ttf; path = "../node_modules/react-native-vector-icons/Fonts/Feather.ttf"; sourceTree = "<group>"; };
		0A33E39F23B44143B95C6F81 /* SimpleLineIcons.ttf */ = {isa = PBXFileReference; explicitFileType = undefined; fileEncoding = 9; includeInIndex = 0; lastKnownFileType = unknown; name = SimpleLineIcons.ttf; path = "../node_modules/react-native-vector-icons/Fonts/SimpleLineIcons.ttf"; sourceTree = "<group>"; };
		0DDD715E83164B168453A670 /* libLottie.a */ = {isa = PBXFileReference; explicitFileType = undefined; fileEncoding = 9; includeInIndex = 0; lastKnownFileType = archive.ar; path = libLottie.a; sourceTree = "<group>"; };
		13B07F961A680F5B00A75B9A /* CBTCompanion.app */ = {isa = PBXFileReference; explicitFileType = wrapper.application; includeInIndex = 0; path = CBTCompanion.app; sourceTree = BUILT_PRODUCTS_DIR; };
		13B07FAF1A68108700A75B9A /* AppDelegate.h */ = {isa = PBXFileReference; fileEncoding = 4; lastKnownFileType = sourcecode.c.h; name = AppDelegate.h; path = CBTCompanion/AppDelegate.h; sourceTree = "<group>"; };
		13B07FB01A68108700A75B9A /* AppDelegate.m */ = {isa = PBXFileReference; fileEncoding = 4; lastKnownFileType = sourcecode.c.objc; name = AppDelegate.m; path = CBTCompanion/AppDelegate.m; sourceTree = "<group>"; };
		13B07FB61A68108700A75B9A /* Info.plist */ = {isa = PBXFileReference; fileEncoding = 4; lastKnownFileType = text.plist.xml; name = Info.plist; path = CBTCompanion/Info.plist; sourceTree = "<group>"; };
		13B07FB71A68108700A75B9A /* main.m */ = {isa = PBXFileReference; fileEncoding = 4; lastKnownFileType = sourcecode.c.objc; name = main.m; path = CBTCompanion/main.m; sourceTree = "<group>"; };
		1404227F5B5F4EFD81DFAC99 /* libRNSVG.a */ = {isa = PBXFileReference; explicitFileType = undefined; fileEncoding = 9; includeInIndex = 0; lastKnownFileType = archive.ar; path = libRNSVG.a; sourceTree = "<group>"; };
		14603DA93911405B99F932BC /* Montserrat-Medium.ttf */ = {isa = PBXFileReference; explicitFileType = undefined; fileEncoding = 9; includeInIndex = 0; lastKnownFileType = unknown; name = "Montserrat-Medium.ttf"; path = "../MainApp_Animationflow/fonts/Montserrat-Medium.ttf"; sourceTree = "<group>"; };
		15D92D86CC4A4CCCAE7AF996 /* libRNImagePicker.a */ = {isa = PBXFileReference; explicitFileType = undefined; fileEncoding = 9; includeInIndex = 0; lastKnownFileType = archive.ar; path = libRNImagePicker.a; sourceTree = "<group>"; };
		199A58E920264B8A9278E9F7 /* Montserrat-Medium.ttf */ = {isa = PBXFileReference; explicitFileType = undefined; fileEncoding = 9; includeInIndex = 0; lastKnownFileType = unknown; name = "Montserrat-Medium.ttf"; path = "../src/fonts/Montserrat-Medium.ttf"; sourceTree = "<group>"; };
		1BFD91C6ADA917723BE4956A /* libPods-CBTCompanionTests.a */ = {isa = PBXFileReference; explicitFileType = archive.ar; includeInIndex = 0; path = "libPods-CBTCompanionTests.a"; sourceTree = BUILT_PRODUCTS_DIR; };
		1CB9C4DA23B39E0400B17ACA /* CBTCompanion-Bridging-Header.h */ = {isa = PBXFileReference; lastKnownFileType = sourcecode.c.h; path = "CBTCompanion-Bridging-Header.h"; sourceTree = "<group>"; };
		1CB9C4DB23B39E0500B17ACA /* RNPlaceholder.swift */ = {isa = PBXFileReference; lastKnownFileType = sourcecode.swift; path = RNPlaceholder.swift; sourceTree = "<group>"; };
		1CC72E9A231A5E56008ED0DD /* JavaScriptCore.framework */ = {isa = PBXFileReference; lastKnownFileType = wrapper.framework; name = JavaScriptCore.framework; path = System/Library/Frameworks/JavaScriptCore.framework; sourceTree = SDKROOT; };
		1D1D3CCCE8584513803DA102 /* AirbnbCerealApp-Book.ttf */ = {isa = PBXFileReference; explicitFileType = undefined; fileEncoding = 9; includeInIndex = 0; lastKnownFileType = unknown; name = "AirbnbCerealApp-Book.ttf"; path = "../MainApp_Animationflow/fonts/AirbnbCerealApp-Book.ttf"; sourceTree = "<group>"; };
		1E139AFCDA514DFEB5F26AF7 /* Montserrat-Regular.ttf */ = {isa = PBXFileReference; explicitFileType = undefined; fileEncoding = 9; includeInIndex = 0; lastKnownFileType = unknown; name = "Montserrat-Regular.ttf"; path = "../src/fonts/Montserrat-Regular.ttf"; sourceTree = "<group>"; };
		1F204A941DD64A17AAC34982 /* AirbnbCerealApp-Medium.ttf */ = {isa = PBXFileReference; explicitFileType = undefined; fileEncoding = 9; includeInIndex = 0; lastKnownFileType = unknown; name = "AirbnbCerealApp-Medium.ttf"; path = "../src/fonts/AirbnbCerealApp-Medium.ttf"; sourceTree = "<group>"; };
		22BBED422498F0BA00524203 /* HealthKit.framework */ = {isa = PBXFileReference; lastKnownFileType = wrapper.framework; name = HealthKit.framework; path = System/Library/Frameworks/HealthKit.framework; sourceTree = SDKROOT; };
		22EC3B3224AF88CA006390CA /* cuebell2.mp3 */ = {isa = PBXFileReference; lastKnownFileType = audio.mp3; name = cuebell2.mp3; path = ../src/screens/BreathingExcercise/sound_files/cuebell2.mp3; sourceTree = "<group>"; };
		22EC3B3324AF88CA006390CA /* paulexhale.mp3 */ = {isa = PBXFileReference; lastKnownFileType = audio.mp3; name = paulexhale.mp3; path = ../src/screens/BreathingExcercise/sound_files/paulexhale.mp3; sourceTree = "<group>"; };
		22EC3B3424AF88CA006390CA /* endingbell1.mp3 */ = {isa = PBXFileReference; lastKnownFileType = audio.mp3; name = endingbell1.mp3; path = ../src/screens/BreathingExcercise/sound_files/endingbell1.mp3; sourceTree = "<group>"; };
		22EC3B3524AF88CB006390CA /* laurahold.mp3 */ = {isa = PBXFileReference; lastKnownFileType = audio.mp3; name = laurahold.mp3; path = ../src/screens/BreathingExcercise/sound_files/laurahold.mp3; sourceTree = "<group>"; };
		22EC3B3624AF88CB006390CA /* laurainhale.mp3 */ = {isa = PBXFileReference; lastKnownFileType = audio.mp3; name = laurainhale.mp3; path = ../src/screens/BreathingExcercise/sound_files/laurainhale.mp3; sourceTree = "<group>"; };
		22EC3B3724AF88CB006390CA /* cuebell1.mp3 */ = {isa = PBXFileReference; lastKnownFileType = audio.mp3; name = cuebell1.mp3; path = ../src/screens/BreathingExcercise/sound_files/cuebell1.mp3; sourceTree = "<group>"; };
		22EC3B3824AF88CB006390CA /* paulbreatheout.mp3 */ = {isa = PBXFileReference; lastKnownFileType = audio.mp3; name = paulbreatheout.mp3; path = ../src/screens/BreathingExcercise/sound_files/paulbreatheout.mp3; sourceTree = "<group>"; };
		22EC3B3924AF88CB006390CA /* paulhold.mp3 */ = {isa = PBXFileReference; lastKnownFileType = audio.mp3; name = paulhold.mp3; path = ../src/screens/BreathingExcercise/sound_files/paulhold.mp3; sourceTree = "<group>"; };
		22EC3B3A24AF88CB006390CA /* paulinhale.mp3 */ = {isa = PBXFileReference; lastKnownFileType = audio.mp3; name = paulinhale.mp3; path = ../src/screens/BreathingExcercise/sound_files/paulinhale.mp3; sourceTree = "<group>"; };
		22EC3B3B24AF88CB006390CA /* paulthein.mp3 */ = {isa = PBXFileReference; lastKnownFileType = audio.mp3; name = paulthein.mp3; path = ../src/screens/BreathingExcercise/sound_files/paulthein.mp3; sourceTree = "<group>"; };
		22EC3B3C24AF88CC006390CA /* lauraexhale.mp3 */ = {isa = PBXFileReference; lastKnownFileType = audio.mp3; name = lauraexhale.mp3; path = ../src/screens/BreathingExcercise/sound_files/lauraexhale.mp3; sourceTree = "<group>"; };
		264C36E57009414191C38202 /* FontAwesome5_Solid.ttf */ = {isa = PBXFileReference; explicitFileType = undefined; fileEncoding = 9; includeInIndex = 0; lastKnownFileType = unknown; name = FontAwesome5_Solid.ttf; path = "../node_modules/react-native-vector-icons/Fonts/FontAwesome5_Solid.ttf"; sourceTree = "<group>"; };
		2D02E47B1E0B4A5D006451C7 /* CBTCompanion-tvOS.app */ = {isa = PBXFileReference; explicitFileType = wrapper.application; includeInIndex = 0; path = "CBTCompanion-tvOS.app"; sourceTree = BUILT_PRODUCTS_DIR; };
		2D02E4901E0B4A5D006451C7 /* CBTCompanion-tvOSTests.xctest */ = {isa = PBXFileReference; explicitFileType = wrapper.cfbundle; includeInIndex = 0; path = "CBTCompanion-tvOSTests.xctest"; sourceTree = BUILT_PRODUCTS_DIR; };
		2D16E6891FA4F8E400B85C8A /* libReact.a */ = {isa = PBXFileReference; explicitFileType = archive.ar; path = libReact.a; sourceTree = BUILT_PRODUCTS_DIR; };
		32026C892183EA4E00D7874D /* RSKImageCropper.framework */ = {isa = PBXFileReference; explicitFileType = wrapper.framework; path = RSKImageCropper.framework; sourceTree = BUILT_PRODUCTS_DIR; };
		32026C8C2183EA4E00D7874D /* QBImagePicker.framework */ = {isa = PBXFileReference; explicitFileType = wrapper.framework; path = QBImagePicker.framework; sourceTree = BUILT_PRODUCTS_DIR; };
		35C2512AA922479087834D26 /* Octicons.ttf */ = {isa = PBXFileReference; explicitFileType = undefined; fileEncoding = 9; includeInIndex = 0; lastKnownFileType = unknown; name = Octicons.ttf; path = "../node_modules/react-native-vector-icons/Fonts/Octicons.ttf"; sourceTree = "<group>"; };
		39542BFEC4CE497280DDDCC3 /* libLottieReactNative.a */ = {isa = PBXFileReference; explicitFileType = undefined; fileEncoding = 9; includeInIndex = 0; lastKnownFileType = archive.ar; path = libLottieReactNative.a; sourceTree = "<group>"; };
		3B26390474874C5BAB2CDF2B /* libimageCropPicker.a */ = {isa = PBXFileReference; explicitFileType = undefined; fileEncoding = 9; includeInIndex = 0; lastKnownFileType = archive.ar; path = libimageCropPicker.a; sourceTree = "<group>"; };
		3EF801CA8E8E4FAFB6A9EE26 /* MaterialCommunityIcons.ttf */ = {isa = PBXFileReference; explicitFileType = undefined; fileEncoding = 9; includeInIndex = 0; lastKnownFileType = unknown; name = MaterialCommunityIcons.ttf; path = "../node_modules/react-native-vector-icons/Fonts/MaterialCommunityIcons.ttf"; sourceTree = "<group>"; };
		3F56DC30AEBE43359C9ACEB0 /* AntDesign.ttf */ = {isa = PBXFileReference; explicitFileType = undefined; fileEncoding = 9; includeInIndex = 0; lastKnownFileType = unknown; name = AntDesign.ttf; path = "../node_modules/react-native-vector-icons/Fonts/AntDesign.ttf"; sourceTree = "<group>"; };
		4AC3F94D33264676859FA1A9 /* libRNAWSCognito.a */ = {isa = PBXFileReference; explicitFileType = undefined; fileEncoding = 9; includeInIndex = 0; lastKnownFileType = archive.ar; path = libRNAWSCognito.a; sourceTree = "<group>"; };
		4D652AC2F4734AF6B1B60287 /* libRNScreens.a */ = {isa = PBXFileReference; explicitFileType = undefined; fileEncoding = 9; includeInIndex = 0; lastKnownFileType = archive.ar; path = libRNScreens.a; sourceTree = "<group>"; };
		52A484AE9E02445FB0AED9BE /* EvilIcons.ttf */ = {isa = PBXFileReference; explicitFileType = undefined; fileEncoding = 9; includeInIndex = 0; lastKnownFileType = unknown; name = EvilIcons.ttf; path = "../node_modules/react-native-vector-icons/Fonts/EvilIcons.ttf"; sourceTree = "<group>"; };
		55F7CA503E6A4265A85F271E /* FontAwesome.ttf */ = {isa = PBXFileReference; explicitFileType = undefined; fileEncoding = 9; includeInIndex = 0; lastKnownFileType = unknown; name = FontAwesome.ttf; path = "../node_modules/react-native-vector-icons/Fonts/FontAwesome.ttf"; sourceTree = "<group>"; };
		5E71B8CB365E49046A955DDA /* Pods-CBTCompanionTests.debug.xcconfig */ = {isa = PBXFileReference; includeInIndex = 1; lastKnownFileType = text.xcconfig; name = "Pods-CBTCompanionTests.debug.xcconfig"; path = "Pods/Target Support Files/Pods-CBTCompanionTests/Pods-CBTCompanionTests.debug.xcconfig"; sourceTree = "<group>"; };
		6374F3AAB0AF4229B0EB39BE /* libreact-native-analog-clock.a */ = {isa = PBXFileReference; explicitFileType = undefined; fileEncoding = 9; includeInIndex = 0; lastKnownFileType = archive.ar; path = "libreact-native-analog-clock.a"; sourceTree = "<group>"; };
		69D8FAA207D16CA4A63A2B7A /* libPods-CBTCompanion.a */ = {isa = PBXFileReference; explicitFileType = archive.ar; includeInIndex = 0; path = "libPods-CBTCompanion.a"; sourceTree = BUILT_PRODUCTS_DIR; };
		6CA2A542050449CABD514DFA /* Montserrat-Regular.ttf */ = {isa = PBXFileReference; explicitFileType = undefined; fileEncoding = 9; includeInIndex = 0; lastKnownFileType = unknown; name = "Montserrat-Regular.ttf"; path = "../MainApp_Animationflow/fonts/Montserrat-Regular.ttf"; sourceTree = "<group>"; };
		6EB28D6EB87D4C29BC3C6BD6 /* Lottie.framework */ = {isa = PBXFileReference; explicitFileType = undefined; fileEncoding = 9; includeInIndex = 0; lastKnownFileType = wrapper.framework; name = Lottie.framework; path = System/Library/Frameworks/Lottie.framework; sourceTree = SDKROOT; };
		70EFA229C98541FB9201BBFC /* Nunito-Regular.ttf */ = {isa = PBXFileReference; explicitFileType = undefined; fileEncoding = 9; includeInIndex = 0; lastKnownFileType = unknown; name = "Nunito-Regular.ttf"; path = "../src/fonts/Nunito-Regular.ttf"; sourceTree = "<group>"; };
		7BB6BE5CD977451287E8E024 /* Nunito-SemiBold.ttf */ = {isa = PBXFileReference; explicitFileType = undefined; fileEncoding = 9; includeInIndex = 0; lastKnownFileType = unknown; name = "Nunito-SemiBold.ttf"; path = "../MainApp_Animationflow/fonts/Nunito-SemiBold.ttf"; sourceTree = "<group>"; };
		8AE690E001D76772984532D2 /* Pods-CBTCompanionTests.release.xcconfig */ = {isa = PBXFileReference; includeInIndex = 1; lastKnownFileType = text.xcconfig; name = "Pods-CBTCompanionTests.release.xcconfig"; path = "Pods/Target Support Files/Pods-CBTCompanionTests/Pods-CBTCompanionTests.release.xcconfig"; sourceTree = "<group>"; };
		9788693698164AE29CC84237 /* Foundation.ttf */ = {isa = PBXFileReference; explicitFileType = undefined; fileEncoding = 9; includeInIndex = 0; lastKnownFileType = unknown; name = Foundation.ttf; path = "../node_modules/react-native-vector-icons/Fonts/Foundation.ttf"; sourceTree = "<group>"; };
		97B6BB6650111B3369CAE5A5 /* Pods-CBTCompanion-tvOS.debug.xcconfig */ = {isa = PBXFileReference; includeInIndex = 1; lastKnownFileType = text.xcconfig; name = "Pods-CBTCompanion-tvOS.debug.xcconfig"; path = "Pods/Target Support Files/Pods-CBTCompanion-tvOS/Pods-CBTCompanion-tvOS.debug.xcconfig"; sourceTree = "<group>"; };
		97C442E754B544CE9CA3577B /* FontAwesome5_Brands.ttf */ = {isa = PBXFileReference; explicitFileType = undefined; fileEncoding = 9; includeInIndex = 0; lastKnownFileType = unknown; name = FontAwesome5_Brands.ttf; path = "../node_modules/react-native-vector-icons/Fonts/FontAwesome5_Brands.ttf"; sourceTree = "<group>"; };
		988DE61CC21E4A50B7BE9F3C /* RTRaleway-Medium.ttf */ = {isa = PBXFileReference; explicitFileType = undefined; fileEncoding = 9; includeInIndex = 0; lastKnownFileType = unknown; name = "RTRaleway-Medium.ttf"; path = "../MainApp_Animationflow/fonts/RTRaleway-Medium.ttf"; sourceTree = "<group>"; };
		991C704EE53748C48C90686B /* Nunito-Regular.ttf */ = {isa = PBXFileReference; explicitFileType = undefined; fileEncoding = 9; includeInIndex = 0; lastKnownFileType = unknown; name = "Nunito-Regular.ttf"; path = "../MainApp_Animationflow/fonts/Nunito-Regular.ttf"; sourceTree = "<group>"; };
		99C8F06B7301E2B9FEA7294D /* libPods-CBTCompanion-tvOS.a */ = {isa = PBXFileReference; explicitFileType = archive.ar; includeInIndex = 0; path = "libPods-CBTCompanion-tvOS.a"; sourceTree = BUILT_PRODUCTS_DIR; };
		9A64A3EB69F447519254D243 /* MaterialIcons.ttf */ = {isa = PBXFileReference; explicitFileType = undefined; fileEncoding = 9; includeInIndex = 0; lastKnownFileType = unknown; name = MaterialIcons.ttf; path = "../node_modules/react-native-vector-icons/Fonts/MaterialIcons.ttf"; sourceTree = "<group>"; };
		9CAA2D8795DD4AA3A49EB6B1 /* libRCTVideo.a */ = {isa = PBXFileReference; explicitFileType = undefined; fileEncoding = 9; includeInIndex = 0; lastKnownFileType = archive.ar; path = libRCTVideo.a; sourceTree = "<group>"; };
		A558AB6613D34F5698031D5D /* Zocial.ttf */ = {isa = PBXFileReference; explicitFileType = undefined; fileEncoding = 9; includeInIndex = 0; lastKnownFileType = unknown; name = Zocial.ttf; path = "../node_modules/react-native-vector-icons/Fonts/Zocial.ttf"; sourceTree = "<group>"; };
		A63ADE78CB424E9EB7F60AB5 /* AirbnbCerealApp-Medium.ttf */ = {isa = PBXFileReference; explicitFileType = undefined; fileEncoding = 9; includeInIndex = 0; lastKnownFileType = unknown; name = "AirbnbCerealApp-Medium.ttf"; path = "../MainApp_Animationflow/fonts/AirbnbCerealApp-Medium.ttf"; sourceTree = "<group>"; };
		A7F5D9E02D364812BFA63325 /* AirbnbCerealApp-Book.ttf */ = {isa = PBXFileReference; explicitFileType = undefined; fileEncoding = 9; includeInIndex = 0; lastKnownFileType = unknown; name = "AirbnbCerealApp-Book.ttf"; path = "../src/fonts/AirbnbCerealApp-Book.ttf"; sourceTree = "<group>"; };
		A874F71EAF6E4940A46D52A5 /* Entypo.ttf */ = {isa = PBXFileReference; explicitFileType = undefined; fileEncoding = 9; includeInIndex = 0; lastKnownFileType = unknown; name = Entypo.ttf; path = "../node_modules/react-native-vector-icons/Fonts/Entypo.ttf"; sourceTree = "<group>"; };
		AA65EA8600AD4D4987AE305C /* libReactNativeConfig.a */ = {isa = PBXFileReference; explicitFileType = undefined; fileEncoding = 9; includeInIndex = 0; lastKnownFileType = archive.ar; path = libReactNativeConfig.a; sourceTree = "<group>"; };
		AB96E1EFFDB0423C9A5CD11B /* libRNFetchBlob.a */ = {isa = PBXFileReference; explicitFileType = undefined; fileEncoding = 9; includeInIndex = 0; lastKnownFileType = archive.ar; path = libRNFetchBlob.a; sourceTree = "<group>"; };
		AF610EF46A6A4E10B6531E22 /* libRNGestureHandler.a */ = {isa = PBXFileReference; explicitFileType = undefined; fileEncoding = 9; includeInIndex = 0; lastKnownFileType = archive.ar; path = libRNGestureHandler.a; sourceTree = "<group>"; };
		AF7BBA6620E443808A75C516 /* libReactNativeConfig-tvOS.a */ = {isa = PBXFileReference; explicitFileType = undefined; fileEncoding = 9; includeInIndex = 0; lastKnownFileType = archive.ar; path = "libReactNativeConfig-tvOS.a"; sourceTree = "<group>"; };
		B3CF5AF5D9AB42668FD9B568 /* AirbnbCerealApp-Bold.ttf */ = {isa = PBXFileReference; explicitFileType = undefined; fileEncoding = 9; includeInIndex = 0; lastKnownFileType = unknown; name = "AirbnbCerealApp-Bold.ttf"; path = "../MainApp_Animationflow/fonts/AirbnbCerealApp-Bold.ttf"; sourceTree = "<group>"; };
		B83D854B288A4E1C8163092F /* RTRaleway-Regular.ttf */ = {isa = PBXFileReference; explicitFileType = undefined; fileEncoding = 9; includeInIndex = 0; lastKnownFileType = unknown; name = "RTRaleway-Regular.ttf"; path = "../MainApp_Animationflow/fonts/RTRaleway-Regular.ttf"; sourceTree = "<group>"; };
		B907545DDC5E4085B36C4469 /* FontAwesome5_Regular.ttf */ = {isa = PBXFileReference; explicitFileType = undefined; fileEncoding = 9; includeInIndex = 0; lastKnownFileType = unknown; name = FontAwesome5_Regular.ttf; path = "../node_modules/react-native-vector-icons/Fonts/FontAwesome5_Regular.ttf"; sourceTree = "<group>"; };
		B97EC137E65C466F8C932052 /* libRNShare.a */ = {isa = PBXFileReference; explicitFileType = undefined; fileEncoding = 9; includeInIndex = 0; lastKnownFileType = archive.ar; path = libRNShare.a; sourceTree = "<group>"; };
		BFEAB3387C472784BB1B9395 /* Pods-CBTCompanion.release.xcconfig */ = {isa = PBXFileReference; includeInIndex = 1; lastKnownFileType = text.xcconfig; name = "Pods-CBTCompanion.release.xcconfig"; path = "Pods/Target Support Files/Pods-CBTCompanion/Pods-CBTCompanion.release.xcconfig"; sourceTree = "<group>"; };
		C3CA8182D2844A78973B5931 /* libRNVectorIcons.a */ = {isa = PBXFileReference; explicitFileType = undefined; fileEncoding = 9; includeInIndex = 0; lastKnownFileType = archive.ar; path = libRNVectorIcons.a; sourceTree = "<group>"; };
		C90420BB2F434D24B357A03C /* libRCTYouTube.a */ = {isa = PBXFileReference; explicitFileType = undefined; fileEncoding = 9; includeInIndex = 0; lastKnownFileType = archive.ar; path = libRCTYouTube.a; sourceTree = "<group>"; };
		CD5CB325679F4D2B87743399 /* libSplashScreen.a */ = {isa = PBXFileReference; explicitFileType = undefined; fileEncoding = 9; includeInIndex = 0; lastKnownFileType = archive.ar; path = libSplashScreen.a; sourceTree = "<group>"; };
		CE54DE3A3A224189B2324AA0 /* libRNDocumentPicker.a */ = {isa = PBXFileReference; explicitFileType = undefined; fileEncoding = 9; includeInIndex = 0; lastKnownFileType = archive.ar; path = libRNDocumentPicker.a; sourceTree = "<group>"; };
		D0A399C621D2025B005FA40B /* Images.xcassets */ = {isa = PBXFileReference; lastKnownFileType = folder.assetcatalog; name = Images.xcassets; path = CBTCompanion/Images.xcassets; sourceTree = "<group>"; };
		D0C0CA3221AD89B90022F03D /* CBTCompanion.entitlements */ = {isa = PBXFileReference; lastKnownFileType = text.plist.entitlements; name = CBTCompanion.entitlements; path = CBTCompanion/CBTCompanion.entitlements; sourceTree = "<group>"; };
		D0F22494228178B900E59CF8 /* StoreKit.framework */ = {isa = PBXFileReference; lastKnownFileType = wrapper.framework; name = StoreKit.framework; path = System/Library/Frameworks/StoreKit.framework; sourceTree = SDKROOT; };
		D501A5AED8FF418984991608 /* Nunito-Bold.ttf */ = {isa = PBXFileReference; explicitFileType = undefined; fileEncoding = 9; includeInIndex = 0; lastKnownFileType = unknown; name = "Nunito-Bold.ttf"; path = "../src/fonts/Nunito-Bold.ttf"; sourceTree = "<group>"; };
		DB8246929574A8347BE31D90 /* Pods-CBTCompanion.debug.xcconfig */ = {isa = PBXFileReference; includeInIndex = 1; lastKnownFileType = text.xcconfig; name = "Pods-CBTCompanion.debug.xcconfig"; path = "Pods/Target Support Files/Pods-CBTCompanion/Pods-CBTCompanion.debug.xcconfig"; sourceTree = "<group>"; };
		DF7137B35CA940158E1D993C /* RTRaleway-Medium.ttf */ = {isa = PBXFileReference; explicitFileType = undefined; fileEncoding = 9; includeInIndex = 0; lastKnownFileType = unknown; name = "RTRaleway-Medium.ttf"; path = "../src/fonts/RTRaleway-Medium.ttf"; sourceTree = "<group>"; };
		E147D3AC377E4ABFA8A1D8DC /* libRNSVG-tvOS.a */ = {isa = PBXFileReference; explicitFileType = undefined; fileEncoding = 9; includeInIndex = 0; lastKnownFileType = archive.ar; path = "libRNSVG-tvOS.a"; sourceTree = "<group>"; };
		E68AF4FD1DC04B24B60B940F /* RTRaleway-Bold.ttf */ = {isa = PBXFileReference; explicitFileType = undefined; fileEncoding = 9; includeInIndex = 0; lastKnownFileType = unknown; name = "RTRaleway-Bold.ttf"; path = "../src/fonts/RTRaleway-Bold.ttf"; sourceTree = "<group>"; };
		EDE120E322EB45D5BE25D791 /* Ionicons.ttf */ = {isa = PBXFileReference; explicitFileType = undefined; fileEncoding = 9; includeInIndex = 0; lastKnownFileType = unknown; name = Ionicons.ttf; path = "../node_modules/react-native-vector-icons/Fonts/Ionicons.ttf"; sourceTree = "<group>"; };
		EFCAE84846E742358B1C0A94 /* libBVLinearGradient.a */ = {isa = PBXFileReference; explicitFileType = undefined; fileEncoding = 9; includeInIndex = 0; lastKnownFileType = archive.ar; path = libBVLinearGradient.a; sourceTree = "<group>"; };
		F02CA684A5F748B89ACE1DDF /* RTRaleway-Regular.ttf */ = {isa = PBXFileReference; explicitFileType = undefined; fileEncoding = 9; includeInIndex = 0; lastKnownFileType = unknown; name = "RTRaleway-Regular.ttf"; path = "../src/fonts/RTRaleway-Regular.ttf"; sourceTree = "<group>"; };
		F39683FF42BA4ED5BBB1ED33 /* Nunito-Bold.ttf */ = {isa = PBXFileReference; explicitFileType = undefined; fileEncoding = 9; includeInIndex = 0; lastKnownFileType = unknown; name = "Nunito-Bold.ttf"; path = "../MainApp_Animationflow/fonts/Nunito-Bold.ttf"; sourceTree = "<group>"; };
		F3B8028612D34F40B26C096E /* Nunito-SemiBold.ttf */ = {isa = PBXFileReference; explicitFileType = undefined; fileEncoding = 9; includeInIndex = 0; lastKnownFileType = unknown; name = "Nunito-SemiBold.ttf"; path = "../src/fonts/Nunito-SemiBold.ttf"; sourceTree = "<group>"; };
		F6E36FC02739465283D7EA3D /* libRNIap.a */ = {isa = PBXFileReference; explicitFileType = undefined; fileEncoding = 9; includeInIndex = 0; lastKnownFileType = archive.ar; path = libRNIap.a; sourceTree = "<group>"; };
		F82E8EF9F83C430BA63D1CCC /* RTRaleway-Bold.ttf */ = {isa = PBXFileReference; explicitFileType = undefined; fileEncoding = 9; includeInIndex = 0; lastKnownFileType = unknown; name = "RTRaleway-Bold.ttf"; path = "../MainApp_Animationflow/fonts/RTRaleway-Bold.ttf"; sourceTree = "<group>"; };
		FA7511E6DDE6E2317039C0D7 /* Pods-CBTCompanion-tvOS.release.xcconfig */ = {isa = PBXFileReference; includeInIndex = 1; lastKnownFileType = text.xcconfig; name = "Pods-CBTCompanion-tvOS.release.xcconfig"; path = "Pods/Target Support Files/Pods-CBTCompanion-tvOS/Pods-CBTCompanion-tvOS.release.xcconfig"; sourceTree = "<group>"; };
		FCA455FAD6444D9AA878DACB /* AirbnbCerealApp-Bold.ttf */ = {isa = PBXFileReference; explicitFileType = undefined; fileEncoding = 9; includeInIndex = 0; lastKnownFileType = unknown; name = "AirbnbCerealApp-Bold.ttf"; path = "../src/fonts/AirbnbCerealApp-Bold.ttf"; sourceTree = "<group>"; };
/* End PBXFileReference section */

/* Begin PBXFrameworksBuildPhase section */
		00E356EB1AD99517003FC87E /* Frameworks */ = {
			isa = PBXFrameworksBuildPhase;
			buildActionMask = 2147483647;
			files = (
				043ABD8D0B44B8B69626AC4E /* libPods-CBTCompanionTests.a in Frameworks */,
			);
			runOnlyForDeploymentPostprocessing = 0;
		};
		13B07F8C1A680F5B00A75B9A /* Frameworks */ = {
			isa = PBXFrameworksBuildPhase;
			buildActionMask = 2147483647;
			files = (
				1CC72EE2231A5E56008ED0DD /* JavaScriptCore.framework in Frameworks */,
				22BBED432498F0BA00524203 /* HealthKit.framework in Frameworks */,
				D0F22495228178B900E59CF8 /* StoreKit.framework in Frameworks */,
				AF01832576648FC8AC53DD08 /* libPods-CBTCompanion.a in Frameworks */,
			);
			runOnlyForDeploymentPostprocessing = 0;
		};
		2D02E4781E0B4A5D006451C7 /* Frameworks */ = {
			isa = PBXFrameworksBuildPhase;
			buildActionMask = 2147483647;
			files = (
				2D16E6881FA4F8E400B85C8A /* libReact.a in Frameworks */,
				43CF70BD621F4A07A4603A66 /* libReactNativeConfig-tvOS.a in Frameworks */,
				33263FAD24CC47F99D2EF820 /* libRNSVG-tvOS.a in Frameworks */,
				D9FC8EE50CE002C598E5B720 /* libPods-CBTCompanion-tvOS.a in Frameworks */,
			);
			runOnlyForDeploymentPostprocessing = 0;
		};
		2D02E48D1E0B4A5D006451C7 /* Frameworks */ = {
			isa = PBXFrameworksBuildPhase;
			buildActionMask = 2147483647;
			files = (
			);
			runOnlyForDeploymentPostprocessing = 0;
		};
/* End PBXFrameworksBuildPhase section */

/* Begin PBXGroup section */
		00E356EF1AD99517003FC87E /* CBTCompanionTests */ = {
			isa = PBXGroup;
			children = (
				00E356F21AD99517003FC87E /* CBTCompanionTests.m */,
				00E356F01AD99517003FC87E /* Supporting Files */,
			);
			path = CBTCompanionTests;
			sourceTree = "<group>";
		};
		00E356F01AD99517003FC87E /* Supporting Files */ = {
			isa = PBXGroup;
			children = (
				00E356F11AD99517003FC87E /* Info.plist */,
			);
			name = "Supporting Files";
			sourceTree = "<group>";
		};
		13B07FAE1A68108700A75B9A /* CBTCompanion */ = {
			isa = PBXGroup;
			children = (
				22EC3B3724AF88CB006390CA /* cuebell1.mp3 */,
				22EC3B3224AF88CA006390CA /* cuebell2.mp3 */,
				22EC3B3424AF88CA006390CA /* endingbell1.mp3 */,
				22EC3B3C24AF88CC006390CA /* lauraexhale.mp3 */,
				22EC3B3524AF88CB006390CA /* laurahold.mp3 */,
				22EC3B3624AF88CB006390CA /* laurainhale.mp3 */,
				22EC3B3824AF88CB006390CA /* paulbreatheout.mp3 */,
				22EC3B3324AF88CA006390CA /* paulexhale.mp3 */,
				22EC3B3924AF88CB006390CA /* paulhold.mp3 */,
				22EC3B3A24AF88CB006390CA /* paulinhale.mp3 */,
				22EC3B3B24AF88CB006390CA /* paulthein.mp3 */,
				D0A399C621D2025B005FA40B /* Images.xcassets */,
				D0C0CA3221AD89B90022F03D /* CBTCompanion.entitlements */,
				008F07F21AC5B25A0029DE68 /* main.jsbundle */,
				13B07FAF1A68108700A75B9A /* AppDelegate.h */,
				13B07FB01A68108700A75B9A /* AppDelegate.m */,
				13B07FB61A68108700A75B9A /* Info.plist */,
				13B07FB71A68108700A75B9A /* main.m */,
				1CB9C4DB23B39E0500B17ACA /* RNPlaceholder.swift */,
				1CB9C4DA23B39E0400B17ACA /* CBTCompanion-Bridging-Header.h */,
			);
			name = CBTCompanion;
			sourceTree = "<group>";
		};
		19960D972C9644B8906EBB60 /* Resources */ = {
			isa = PBXGroup;
			children = (
				A874F71EAF6E4940A46D52A5 /* Entypo.ttf */,
				52A484AE9E02445FB0AED9BE /* EvilIcons.ttf */,
				078081DFE9A343DF8FE2B3F7 /* Feather.ttf */,
				55F7CA503E6A4265A85F271E /* FontAwesome.ttf */,
				9788693698164AE29CC84237 /* Foundation.ttf */,
				EDE120E322EB45D5BE25D791 /* Ionicons.ttf */,
				3EF801CA8E8E4FAFB6A9EE26 /* MaterialCommunityIcons.ttf */,
				9A64A3EB69F447519254D243 /* MaterialIcons.ttf */,
				35C2512AA922479087834D26 /* Octicons.ttf */,
				0A33E39F23B44143B95C6F81 /* SimpleLineIcons.ttf */,
				A558AB6613D34F5698031D5D /* Zocial.ttf */,
				14603DA93911405B99F932BC /* Montserrat-Medium.ttf */,
				6CA2A542050449CABD514DFA /* Montserrat-Regular.ttf */,
				F82E8EF9F83C430BA63D1CCC /* RTRaleway-Bold.ttf */,
				988DE61CC21E4A50B7BE9F3C /* RTRaleway-Medium.ttf */,
				B83D854B288A4E1C8163092F /* RTRaleway-Regular.ttf */,
				F39683FF42BA4ED5BBB1ED33 /* Nunito-Bold.ttf */,
				991C704EE53748C48C90686B /* Nunito-Regular.ttf */,
				7BB6BE5CD977451287E8E024 /* Nunito-SemiBold.ttf */,
				B3CF5AF5D9AB42668FD9B568 /* AirbnbCerealApp-Bold.ttf */,
				1D1D3CCCE8584513803DA102 /* AirbnbCerealApp-Book.ttf */,
				A63ADE78CB424E9EB7F60AB5 /* AirbnbCerealApp-Medium.ttf */,
				FCA455FAD6444D9AA878DACB /* AirbnbCerealApp-Bold.ttf */,
				A7F5D9E02D364812BFA63325 /* AirbnbCerealApp-Book.ttf */,
				1F204A941DD64A17AAC34982 /* AirbnbCerealApp-Medium.ttf */,
				199A58E920264B8A9278E9F7 /* Montserrat-Medium.ttf */,
				1E139AFCDA514DFEB5F26AF7 /* Montserrat-Regular.ttf */,
				D501A5AED8FF418984991608 /* Nunito-Bold.ttf */,
				70EFA229C98541FB9201BBFC /* Nunito-Regular.ttf */,
				F3B8028612D34F40B26C096E /* Nunito-SemiBold.ttf */,
				E68AF4FD1DC04B24B60B940F /* RTRaleway-Bold.ttf */,
				DF7137B35CA940158E1D993C /* RTRaleway-Medium.ttf */,
				F02CA684A5F748B89ACE1DDF /* RTRaleway-Regular.ttf */,
				3F56DC30AEBE43359C9ACEB0 /* AntDesign.ttf */,
				97C442E754B544CE9CA3577B /* FontAwesome5_Brands.ttf */,
				B907545DDC5E4085B36C4469 /* FontAwesome5_Regular.ttf */,
				264C36E57009414191C38202 /* FontAwesome5_Solid.ttf */,
			);
			name = Resources;
			sourceTree = "<group>";
		};
		2D16E6871FA4F8E400B85C8A /* Frameworks */ = {
			isa = PBXGroup;
			children = (
				22BBED422498F0BA00524203 /* HealthKit.framework */,
				1CC72E9A231A5E56008ED0DD /* JavaScriptCore.framework */,
				D0F22494228178B900E59CF8 /* StoreKit.framework */,
				2D16E6891FA4F8E400B85C8A /* libReact.a */,
				69D8FAA207D16CA4A63A2B7A /* libPods-CBTCompanion.a */,
				99C8F06B7301E2B9FEA7294D /* libPods-CBTCompanion-tvOS.a */,
				1BFD91C6ADA917723BE4956A /* libPods-CBTCompanionTests.a */,
			);
			name = Frameworks;
			sourceTree = "<group>";
		};
		44028BEC2596368A79E4BDF6 /* Pods */ = {
			isa = PBXGroup;
			children = (
				DB8246929574A8347BE31D90 /* Pods-CBTCompanion.debug.xcconfig */,
				BFEAB3387C472784BB1B9395 /* Pods-CBTCompanion.release.xcconfig */,
				97B6BB6650111B3369CAE5A5 /* Pods-CBTCompanion-tvOS.debug.xcconfig */,
				FA7511E6DDE6E2317039C0D7 /* Pods-CBTCompanion-tvOS.release.xcconfig */,
				5E71B8CB365E49046A955DDA /* Pods-CBTCompanionTests.debug.xcconfig */,
				8AE690E001D76772984532D2 /* Pods-CBTCompanionTests.release.xcconfig */,
			);
			name = Pods;
			sourceTree = "<group>";
		};
		832341AE1AAA6A7D00B99B32 /* Libraries */ = {
			isa = PBXGroup;
			children = (
			);
			name = Libraries;
			sourceTree = "<group>";
		};
		83CBB9F61A601CBA00E9B192 = {
			isa = PBXGroup;
			children = (
				32026C8C2183EA4E00D7874D /* QBImagePicker.framework */,
				32026C892183EA4E00D7874D /* RSKImageCropper.framework */,
				13B07FAE1A68108700A75B9A /* CBTCompanion */,
				832341AE1AAA6A7D00B99B32 /* Libraries */,
				00E356EF1AD99517003FC87E /* CBTCompanionTests */,
				83CBBA001A601CBA00E9B192 /* Products */,
				2D16E6871FA4F8E400B85C8A /* Frameworks */,
				19960D972C9644B8906EBB60 /* Resources */,
				D0AF9DDA21B9C08A00BA94A2 /* Recovered References */,
				44028BEC2596368A79E4BDF6 /* Pods */,
			);
			indentWidth = 2;
			sourceTree = "<group>";
			tabWidth = 2;
			usesTabs = 0;
		};
		83CBBA001A601CBA00E9B192 /* Products */ = {
			isa = PBXGroup;
			children = (
				13B07F961A680F5B00A75B9A /* CBTCompanion.app */,
				00E356EE1AD99517003FC87E /* CBTCompanionTests.xctest */,
				2D02E47B1E0B4A5D006451C7 /* CBTCompanion-tvOS.app */,
				2D02E4901E0B4A5D006451C7 /* CBTCompanion-tvOSTests.xctest */,
			);
			name = Products;
			sourceTree = "<group>";
		};
		D0AF9DDA21B9C08A00BA94A2 /* Recovered References */ = {
			isa = PBXGroup;
			children = (
				C90420BB2F434D24B357A03C /* libRCTYouTube.a */,
				AB96E1EFFDB0423C9A5CD11B /* libRNFetchBlob.a */,
				4D652AC2F4734AF6B1B60287 /* libRNScreens.a */,
				6374F3AAB0AF4229B0EB39BE /* libreact-native-analog-clock.a */,
				AA65EA8600AD4D4987AE305C /* libReactNativeConfig.a */,
				CE54DE3A3A224189B2324AA0 /* libRNDocumentPicker.a */,
				F6E36FC02739465283D7EA3D /* libRNIap.a */,
				3B26390474874C5BAB2CDF2B /* libimageCropPicker.a */,
				15D92D86CC4A4CCCAE7AF996 /* libRNImagePicker.a */,
				EFCAE84846E742358B1C0A94 /* libBVLinearGradient.a */,
				1404227F5B5F4EFD81DFAC99 /* libRNSVG.a */,
				C3CA8182D2844A78973B5931 /* libRNVectorIcons.a */,
				AF7BBA6620E443808A75C516 /* libReactNativeConfig-tvOS.a */,
				E147D3AC377E4ABFA8A1D8DC /* libRNSVG-tvOS.a */,
				4AC3F94D33264676859FA1A9 /* libRNAWSCognito.a */,
				9CAA2D8795DD4AA3A49EB6B1 /* libRCTVideo.a */,
				B97EC137E65C466F8C932052 /* libRNShare.a */,
				AF610EF46A6A4E10B6531E22 /* libRNGestureHandler.a */,
				CD5CB325679F4D2B87743399 /* libSplashScreen.a */,
				39542BFEC4CE497280DDDCC3 /* libLottieReactNative.a */,
				6EB28D6EB87D4C29BC3C6BD6 /* Lottie.framework */,
				0DDD715E83164B168453A670 /* libLottie.a */,
			);
			name = "Recovered References";
			sourceTree = "<group>";
		};
/* End PBXGroup section */

/* Begin PBXNativeTarget section */
		00E356ED1AD99517003FC87E /* CBTCompanionTests */ = {
			isa = PBXNativeTarget;
			buildConfigurationList = 00E357021AD99517003FC87E /* Build configuration list for PBXNativeTarget "CBTCompanionTests" */;
			buildPhases = (
				46C13851E95F4DC6673BAA49 /* [CP] Check Pods Manifest.lock */,
				00E356EA1AD99517003FC87E /* Sources */,
				00E356EB1AD99517003FC87E /* Frameworks */,
				00E356EC1AD99517003FC87E /* Resources */,
			);
			buildRules = (
			);
			dependencies = (
				00E356F51AD99517003FC87E /* PBXTargetDependency */,
			);
			name = CBTCompanionTests;
			productName = CBTCompanionTests;
			productReference = 00E356EE1AD99517003FC87E /* CBTCompanionTests.xctest */;
			productType = "com.apple.product-type.bundle.unit-test";
		};
		13B07F861A680F5B00A75B9A /* CBTCompanion */ = {
			isa = PBXNativeTarget;
			buildConfigurationList = 13B07F931A680F5B00A75B9A /* Build configuration list for PBXNativeTarget "CBTCompanion" */;
			buildPhases = (
				FE00F5B7D24E06C43C414D19 /* [CP] Check Pods Manifest.lock */,
				13B07F871A680F5B00A75B9A /* Sources */,
				13B07F8C1A680F5B00A75B9A /* Frameworks */,
				13B07F8E1A680F5B00A75B9A /* Resources */,
				00DD1BFF1BD5951E006B06BC /* Bundle React Native code and images */,
				32026CBD2183EA4E00D7874D /* Embed Frameworks */,
				D0D42065A9102F1E55C80415 /* [CP] Copy Pods Resources */,
			);
			buildRules = (
			);
			dependencies = (
			);
			name = CBTCompanion;
			productName = "Hello World";
			productReference = 13B07F961A680F5B00A75B9A /* CBTCompanion.app */;
			productType = "com.apple.product-type.application";
		};
		2D02E47A1E0B4A5D006451C7 /* CBTCompanion-tvOS */ = {
			isa = PBXNativeTarget;
			buildConfigurationList = 2D02E4BA1E0B4A5E006451C7 /* Build configuration list for PBXNativeTarget "CBTCompanion-tvOS" */;
			buildPhases = (
				0947F3D52BA4679D95781F11 /* [CP] Check Pods Manifest.lock */,
				2D02E4771E0B4A5D006451C7 /* Sources */,
				2D02E4781E0B4A5D006451C7 /* Frameworks */,
				2D02E4791E0B4A5D006451C7 /* Resources */,
				2D02E4CB1E0B4B27006451C7 /* Bundle React Native Code And Images */,
			);
			buildRules = (
			);
			dependencies = (
			);
			name = "CBTCompanion-tvOS";
			productName = "CBTCompanion-tvOS";
			productReference = 2D02E47B1E0B4A5D006451C7 /* CBTCompanion-tvOS.app */;
			productType = "com.apple.product-type.application";
		};
		2D02E48F1E0B4A5D006451C7 /* CBTCompanion-tvOSTests */ = {
			isa = PBXNativeTarget;
			buildConfigurationList = 2D02E4BB1E0B4A5E006451C7 /* Build configuration list for PBXNativeTarget "CBTCompanion-tvOSTests" */;
			buildPhases = (
				2D02E48C1E0B4A5D006451C7 /* Sources */,
				2D02E48D1E0B4A5D006451C7 /* Frameworks */,
				2D02E48E1E0B4A5D006451C7 /* Resources */,
			);
			buildRules = (
			);
			dependencies = (
				2D02E4921E0B4A5D006451C7 /* PBXTargetDependency */,
			);
			name = "CBTCompanion-tvOSTests";
			productName = "CBTCompanion-tvOSTests";
			productReference = 2D02E4901E0B4A5D006451C7 /* CBTCompanion-tvOSTests.xctest */;
			productType = "com.apple.product-type.bundle.unit-test";
		};
/* End PBXNativeTarget section */

/* Begin PBXProject section */
		83CBB9F71A601CBA00E9B192 /* Project object */ = {
			isa = PBXProject;
			attributes = {
				LastUpgradeCheck = 610;
				ORGANIZATIONNAME = Facebook;
				TargetAttributes = {
					00E356ED1AD99517003FC87E = {
						CreatedOnToolsVersion = 6.2;
						ProvisioningStyle = Automatic;
						TestTargetID = 13B07F861A680F5B00A75B9A;
					};
					13B07F861A680F5B00A75B9A = {
						DevelopmentTeam = W45UU68P92;
						LastSwiftMigration = 1110;
						ProvisioningStyle = Automatic;
						SystemCapabilities = {
							com.apple.BackgroundModes = {
								enabled = 1;
							};
							com.apple.InAppPurchase = {
								enabled = 1;
							};
							com.apple.iCloud = {
								enabled = 1;
							};
						};
					};
					2D02E47A1E0B4A5D006451C7 = {
						CreatedOnToolsVersion = 8.2.1;
						ProvisioningStyle = Automatic;
					};
					2D02E48F1E0B4A5D006451C7 = {
						CreatedOnToolsVersion = 8.2.1;
						ProvisioningStyle = Automatic;
						TestTargetID = 2D02E47A1E0B4A5D006451C7;
					};
				};
			};
			buildConfigurationList = 83CBB9FA1A601CBA00E9B192 /* Build configuration list for PBXProject "CBTCompanion" */;
			compatibilityVersion = "Xcode 3.2";
			developmentRegion = English;
			hasScannedForEncodings = 0;
			knownRegions = (
				English,
				en,
				Base,
			);
			mainGroup = 83CBB9F61A601CBA00E9B192;
			productRefGroup = 83CBBA001A601CBA00E9B192 /* Products */;
			projectDirPath = "";
			projectRoot = "";
			targets = (
				13B07F861A680F5B00A75B9A /* CBTCompanion */,
				00E356ED1AD99517003FC87E /* CBTCompanionTests */,
				2D02E47A1E0B4A5D006451C7 /* CBTCompanion-tvOS */,
				2D02E48F1E0B4A5D006451C7 /* CBTCompanion-tvOSTests */,
			);
		};
/* End PBXProject section */

/* Begin PBXResourcesBuildPhase section */
		00E356EC1AD99517003FC87E /* Resources */ = {
			isa = PBXResourcesBuildPhase;
			buildActionMask = 2147483647;
			files = (
			);
			runOnlyForDeploymentPostprocessing = 0;
		};
		13B07F8E1A680F5B00A75B9A /* Resources */ = {
			isa = PBXResourcesBuildPhase;
			buildActionMask = 2147483647;
			files = (
				D0A399C721D2025B005FA40B /* Images.xcassets in Resources */,
				04F35D67C71B4D74A34D3667 /* AirbnbCerealApp-Bold.ttf in Resources */,
				22EC3B3D24AF88CC006390CA /* cuebell2.mp3 in Resources */,
				22EC3B4424AF88CC006390CA /* paulhold.mp3 in Resources */,
				22EC3B4224AF88CC006390CA /* cuebell1.mp3 in Resources */,
				E6F2CFDE9A37455997A2360B /* AirbnbCerealApp-Book.ttf in Resources */,
				22EC3B3F24AF88CC006390CA /* endingbell1.mp3 in Resources */,
				3F337BEF0DE046D29B5F1AB7 /* AirbnbCerealApp-Medium.ttf in Resources */,
				22EC3B4524AF88CC006390CA /* paulinhale.mp3 in Resources */,
				5C904DD5592F4AF383702793 /* Montserrat-Medium.ttf in Resources */,
				22EC3B4024AF88CC006390CA /* laurahold.mp3 in Resources */,
				893E08DAB5BD4E8C986CA3A1 /* Montserrat-Regular.ttf in Resources */,
				68DEEAED057F414B80DDD753 /* Nunito-Bold.ttf in Resources */,
				22EC3B4724AF88CC006390CA /* lauraexhale.mp3 in Resources */,
				22EC3B4624AF88CC006390CA /* paulthein.mp3 in Resources */,
				E11109F0A2F1405885CCC6CE /* Nunito-Regular.ttf in Resources */,
				22EC3B3E24AF88CC006390CA /* paulexhale.mp3 in Resources */,
				294B42898B3F4F248797CD8D /* Nunito-SemiBold.ttf in Resources */,
				D90327C5A73F46C2B5D6AAD6 /* RTRaleway-Bold.ttf in Resources */,
				4BCDBB9CA02C44F2A84E6B12 /* RTRaleway-Medium.ttf in Resources */,
				A13E7BD7ADD140318CC4701F /* RTRaleway-Regular.ttf in Resources */,
				22EC3B4124AF88CC006390CA /* laurainhale.mp3 in Resources */,
				22EC3B4324AF88CC006390CA /* paulbreatheout.mp3 in Resources */,
			);
			runOnlyForDeploymentPostprocessing = 0;
		};
		2D02E4791E0B4A5D006451C7 /* Resources */ = {
			isa = PBXResourcesBuildPhase;
			buildActionMask = 2147483647;
			files = (
			);
			runOnlyForDeploymentPostprocessing = 0;
		};
		2D02E48E1E0B4A5D006451C7 /* Resources */ = {
			isa = PBXResourcesBuildPhase;
			buildActionMask = 2147483647;
			files = (
			);
			runOnlyForDeploymentPostprocessing = 0;
		};
/* End PBXResourcesBuildPhase section */

/* Begin PBXShellScriptBuildPhase section */
		00DD1BFF1BD5951E006B06BC /* Bundle React Native code and images */ = {
			isa = PBXShellScriptBuildPhase;
			buildActionMask = 2147483647;
			files = (
			);
			inputPaths = (
			);
			name = "Bundle React Native code and images";
			outputPaths = (
			);
			runOnlyForDeploymentPostprocessing = 0;
			shellPath = /bin/sh;
			shellScript = "export NODE_BINARY=node\n../node_modules/react-native/scripts/react-native-xcode.sh";
		};
		0947F3D52BA4679D95781F11 /* [CP] Check Pods Manifest.lock */ = {
			isa = PBXShellScriptBuildPhase;
			buildActionMask = 2147483647;
			files = (
			);
			inputFileListPaths = (
			);
			inputPaths = (
				"${PODS_PODFILE_DIR_PATH}/Podfile.lock",
				"${PODS_ROOT}/Manifest.lock",
			);
			name = "[CP] Check Pods Manifest.lock";
			outputFileListPaths = (
			);
			outputPaths = (
				"$(DERIVED_FILE_DIR)/Pods-CBTCompanion-tvOS-checkManifestLockResult.txt",
			);
			runOnlyForDeploymentPostprocessing = 0;
			shellPath = /bin/sh;
			shellScript = "diff \"${PODS_PODFILE_DIR_PATH}/Podfile.lock\" \"${PODS_ROOT}/Manifest.lock\" > /dev/null\nif [ $? != 0 ] ; then\n    # print error to STDERR\n    echo \"error: The sandbox is not in sync with the Podfile.lock. Run 'pod install' or update your CocoaPods installation.\" >&2\n    exit 1\nfi\n# This output is used by Xcode 'outputs' to avoid re-running this script phase.\necho \"SUCCESS\" > \"${SCRIPT_OUTPUT_FILE_0}\"\n";
			showEnvVarsInLog = 0;
		};
		2D02E4CB1E0B4B27006451C7 /* Bundle React Native Code And Images */ = {
			isa = PBXShellScriptBuildPhase;
			buildActionMask = 2147483647;
			files = (
			);
			inputPaths = (
			);
			name = "Bundle React Native Code And Images";
			outputPaths = (
			);
			runOnlyForDeploymentPostprocessing = 0;
			shellPath = /bin/sh;
			shellScript = "export NODE_BINARY=node\n../node_modules/react-native/scripts/react-native-xcode.sh";
		};
		46C13851E95F4DC6673BAA49 /* [CP] Check Pods Manifest.lock */ = {
			isa = PBXShellScriptBuildPhase;
			buildActionMask = 2147483647;
			files = (
			);
			inputFileListPaths = (
			);
			inputPaths = (
				"${PODS_PODFILE_DIR_PATH}/Podfile.lock",
				"${PODS_ROOT}/Manifest.lock",
			);
			name = "[CP] Check Pods Manifest.lock";
			outputFileListPaths = (
			);
			outputPaths = (
				"$(DERIVED_FILE_DIR)/Pods-CBTCompanionTests-checkManifestLockResult.txt",
			);
			runOnlyForDeploymentPostprocessing = 0;
			shellPath = /bin/sh;
			shellScript = "diff \"${PODS_PODFILE_DIR_PATH}/Podfile.lock\" \"${PODS_ROOT}/Manifest.lock\" > /dev/null\nif [ $? != 0 ] ; then\n    # print error to STDERR\n    echo \"error: The sandbox is not in sync with the Podfile.lock. Run 'pod install' or update your CocoaPods installation.\" >&2\n    exit 1\nfi\n# This output is used by Xcode 'outputs' to avoid re-running this script phase.\necho \"SUCCESS\" > \"${SCRIPT_OUTPUT_FILE_0}\"\n";
			showEnvVarsInLog = 0;
		};
		D0D42065A9102F1E55C80415 /* [CP] Copy Pods Resources */ = {
			isa = PBXShellScriptBuildPhase;
			buildActionMask = 2147483647;
			files = (
			);
			inputPaths = (
				"${PODS_ROOT}/Target Support Files/Pods-CBTCompanion/Pods-CBTCompanion-resources.sh",
				"${PODS_ROOT}/../../node_modules/react-native-vector-icons/Fonts/AntDesign.ttf",
				"${PODS_ROOT}/../../node_modules/react-native-vector-icons/Fonts/Entypo.ttf",
				"${PODS_ROOT}/../../node_modules/react-native-vector-icons/Fonts/EvilIcons.ttf",
				"${PODS_ROOT}/../../node_modules/react-native-vector-icons/Fonts/Feather.ttf",
				"${PODS_ROOT}/../../node_modules/react-native-vector-icons/Fonts/FontAwesome.ttf",
				"${PODS_ROOT}/../../node_modules/react-native-vector-icons/Fonts/FontAwesome5_Brands.ttf",
				"${PODS_ROOT}/../../node_modules/react-native-vector-icons/Fonts/FontAwesome5_Regular.ttf",
				"${PODS_ROOT}/../../node_modules/react-native-vector-icons/Fonts/FontAwesome5_Solid.ttf",
				"${PODS_ROOT}/../../node_modules/react-native-vector-icons/Fonts/Fontisto.ttf",
				"${PODS_ROOT}/../../node_modules/react-native-vector-icons/Fonts/Foundation.ttf",
				"${PODS_ROOT}/../../node_modules/react-native-vector-icons/Fonts/Ionicons.ttf",
				"${PODS_ROOT}/../../node_modules/react-native-vector-icons/Fonts/MaterialCommunityIcons.ttf",
				"${PODS_ROOT}/../../node_modules/react-native-vector-icons/Fonts/MaterialIcons.ttf",
				"${PODS_ROOT}/../../node_modules/react-native-vector-icons/Fonts/Octicons.ttf",
				"${PODS_ROOT}/../../node_modules/react-native-vector-icons/Fonts/SimpleLineIcons.ttf",
				"${PODS_ROOT}/../../node_modules/react-native-vector-icons/Fonts/Zocial.ttf",
				"${PODS_ROOT}/YoutubePlayer-in-WKWebView/WKYTPlayerView/WKYTPlayerView.bundle",
			);
			name = "[CP] Copy Pods Resources";
			outputPaths = (
				"${TARGET_BUILD_DIR}/${UNLOCALIZED_RESOURCES_FOLDER_PATH}/AntDesign.ttf",
				"${TARGET_BUILD_DIR}/${UNLOCALIZED_RESOURCES_FOLDER_PATH}/Entypo.ttf",
				"${TARGET_BUILD_DIR}/${UNLOCALIZED_RESOURCES_FOLDER_PATH}/EvilIcons.ttf",
				"${TARGET_BUILD_DIR}/${UNLOCALIZED_RESOURCES_FOLDER_PATH}/Feather.ttf",
				"${TARGET_BUILD_DIR}/${UNLOCALIZED_RESOURCES_FOLDER_PATH}/FontAwesome.ttf",
				"${TARGET_BUILD_DIR}/${UNLOCALIZED_RESOURCES_FOLDER_PATH}/FontAwesome5_Brands.ttf",
				"${TARGET_BUILD_DIR}/${UNLOCALIZED_RESOURCES_FOLDER_PATH}/FontAwesome5_Regular.ttf",
				"${TARGET_BUILD_DIR}/${UNLOCALIZED_RESOURCES_FOLDER_PATH}/FontAwesome5_Solid.ttf",
				"${TARGET_BUILD_DIR}/${UNLOCALIZED_RESOURCES_FOLDER_PATH}/Fontisto.ttf",
				"${TARGET_BUILD_DIR}/${UNLOCALIZED_RESOURCES_FOLDER_PATH}/Foundation.ttf",
				"${TARGET_BUILD_DIR}/${UNLOCALIZED_RESOURCES_FOLDER_PATH}/Ionicons.ttf",
				"${TARGET_BUILD_DIR}/${UNLOCALIZED_RESOURCES_FOLDER_PATH}/MaterialCommunityIcons.ttf",
				"${TARGET_BUILD_DIR}/${UNLOCALIZED_RESOURCES_FOLDER_PATH}/MaterialIcons.ttf",
				"${TARGET_BUILD_DIR}/${UNLOCALIZED_RESOURCES_FOLDER_PATH}/Octicons.ttf",
				"${TARGET_BUILD_DIR}/${UNLOCALIZED_RESOURCES_FOLDER_PATH}/SimpleLineIcons.ttf",
				"${TARGET_BUILD_DIR}/${UNLOCALIZED_RESOURCES_FOLDER_PATH}/Zocial.ttf",
				"${TARGET_BUILD_DIR}/${UNLOCALIZED_RESOURCES_FOLDER_PATH}/WKYTPlayerView.bundle",
			);
			runOnlyForDeploymentPostprocessing = 0;
			shellPath = /bin/sh;
			shellScript = "\"${PODS_ROOT}/Target Support Files/Pods-CBTCompanion/Pods-CBTCompanion-resources.sh\"\n";
			showEnvVarsInLog = 0;
		};
		FE00F5B7D24E06C43C414D19 /* [CP] Check Pods Manifest.lock */ = {
			isa = PBXShellScriptBuildPhase;
			buildActionMask = 2147483647;
			files = (
			);
			inputFileListPaths = (
			);
			inputPaths = (
				"${PODS_PODFILE_DIR_PATH}/Podfile.lock",
				"${PODS_ROOT}/Manifest.lock",
			);
			name = "[CP] Check Pods Manifest.lock";
			outputFileListPaths = (
			);
			outputPaths = (
				"$(DERIVED_FILE_DIR)/Pods-CBTCompanion-checkManifestLockResult.txt",
			);
			runOnlyForDeploymentPostprocessing = 0;
			shellPath = /bin/sh;
			shellScript = "diff \"${PODS_PODFILE_DIR_PATH}/Podfile.lock\" \"${PODS_ROOT}/Manifest.lock\" > /dev/null\nif [ $? != 0 ] ; then\n    # print error to STDERR\n    echo \"error: The sandbox is not in sync with the Podfile.lock. Run 'pod install' or update your CocoaPods installation.\" >&2\n    exit 1\nfi\n# This output is used by Xcode 'outputs' to avoid re-running this script phase.\necho \"SUCCESS\" > \"${SCRIPT_OUTPUT_FILE_0}\"\n";
			showEnvVarsInLog = 0;
		};
/* End PBXShellScriptBuildPhase section */

/* Begin PBXSourcesBuildPhase section */
		00E356EA1AD99517003FC87E /* Sources */ = {
			isa = PBXSourcesBuildPhase;
			buildActionMask = 2147483647;
			files = (
				00E356F31AD99517003FC87E /* CBTCompanionTests.m in Sources */,
			);
			runOnlyForDeploymentPostprocessing = 0;
		};
		13B07F871A680F5B00A75B9A /* Sources */ = {
			isa = PBXSourcesBuildPhase;
			buildActionMask = 2147483647;
			files = (
				13B07FBC1A68108700A75B9A /* AppDelegate.m in Sources */,
				13B07FC11A68108700A75B9A /* main.m in Sources */,
				1CB9C4DC23B39E0500B17ACA /* RNPlaceholder.swift in Sources */,
			);
			runOnlyForDeploymentPostprocessing = 0;
		};
		2D02E4771E0B4A5D006451C7 /* Sources */ = {
			isa = PBXSourcesBuildPhase;
			buildActionMask = 2147483647;
			files = (
				2D02E4BF1E0B4AB3006451C7 /* main.m in Sources */,
				2D02E4BC1E0B4A80006451C7 /* AppDelegate.m in Sources */,
			);
			runOnlyForDeploymentPostprocessing = 0;
		};
		2D02E48C1E0B4A5D006451C7 /* Sources */ = {
			isa = PBXSourcesBuildPhase;
			buildActionMask = 2147483647;
			files = (
				2DCD954D1E0B4F2C00145EB5 /* CBTCompanionTests.m in Sources */,
			);
			runOnlyForDeploymentPostprocessing = 0;
		};
/* End PBXSourcesBuildPhase section */

/* Begin PBXTargetDependency section */
		00E356F51AD99517003FC87E /* PBXTargetDependency */ = {
			isa = PBXTargetDependency;
			target = 13B07F861A680F5B00A75B9A /* CBTCompanion */;
			targetProxy = 00E356F41AD99517003FC87E /* PBXContainerItemProxy */;
		};
		2D02E4921E0B4A5D006451C7 /* PBXTargetDependency */ = {
			isa = PBXTargetDependency;
			target = 2D02E47A1E0B4A5D006451C7 /* CBTCompanion-tvOS */;
			targetProxy = 2D02E4911E0B4A5D006451C7 /* PBXContainerItemProxy */;
		};
/* End PBXTargetDependency section */

/* Begin XCBuildConfiguration section */
		00E356F61AD99517003FC87E /* Debug */ = {
			isa = XCBuildConfiguration;
			baseConfigurationReference = 5E71B8CB365E49046A955DDA /* Pods-CBTCompanionTests.debug.xcconfig */;
			buildSettings = {
				ALWAYS_EMBED_SWIFT_STANDARD_LIBRARIES = YES;
				BUNDLE_LOADER = "$(TEST_HOST)";
				CODE_SIGN_IDENTITY = "iPhone Developer";
				CODE_SIGN_STYLE = Automatic;
				DEVELOPMENT_TEAM = "";
				GCC_PREPROCESSOR_DEFINITIONS = (
					"DEBUG=1",
					"$(inherited)",
				);
				HEADER_SEARCH_PATHS = (
					"$(inherited)",
					"$(SRCROOT)/../node_modules/react-native-image-crop-picker/ios/**",
					"$(SRCROOT)/../node_modules/react-native-linear-gradient/BVLinearGradient",
					"$(SRCROOT)/../node_modules/react-native-svg/ios/**",
					"$(SRCROOT)/../node_modules/react-native-vector-icons/RNVectorIconsManager",
					"$(SRCROOT)/../node_modules/react-native-analog-clock/ios/react-native-analog-clock/react-native-analog-clock/**",
					"$(SRCROOT)/../node_modules/react-native-image-picker/ios",
					"$(SRCROOT)/../node_modules/amazon-cognito-identity-js/ios/**",
					"$(SRCROOT)/../node_modules/react-native-config/ios/ReactNativeConfig",
					"$(SRCROOT)/../node_modules/react-native-document-picker/ios/RNDocumentPicker",
					"$(SRCROOT)/../node_modules/react-native-video/ios/**",
					"$(SRCROOT)/../node_modules/react-native-iap/ios",
					"$(SRCROOT)/../node_modules/react-native/React/**",
					"$(SRCROOT)/../node_modules/react-native-youtube/**",
					"$(SRCROOT)/../node_modules/rn-fetch-blob/ios/**",
					"$(SRCROOT)/../node_modules/react-native-screens/ios",
					"$(SRCROOT)/../node_modules/react-native-analog-clock/ios/react-native-analog-clock/react-native-analog-clock/**",
					"$(SRCROOT)/../node_modules/react-native-config/ios/ReactNativeConfig",
					"$(SRCROOT)/../node_modules/react-native-document-picker/ios/RNDocumentPicker",
					"$(SRCROOT)/../node_modules/react-native-iap/ios",
					"$(SRCROOT)/../node_modules/react-native-image-crop-picker/ios/**",
					"$(SRCROOT)/../node_modules/react-native-image-picker/ios",
					"$(SRCROOT)/../node_modules/react-native-linear-gradient/BVLinearGradient",
					"$(SRCROOT)/../node_modules/react-native-svg/ios/**",
					"$(SRCROOT)/../node_modules/react-native-vector-icons/RNVectorIconsManager",
					"$(SRCROOT)/../node_modules/amazon-cognito-identity-js/ios/**",
					"$(SRCROOT)/../node_modules/react-native-video/ios/**",
					"$(SRCROOT)/../node_modules/react-native-share/ios",
					"$(SRCROOT)/../node_modules/react-native-gesture-handler/ios/**",
					"$(SRCROOT)/../node_modules/react-native-splash-screen/ios",
					"$(SRCROOT)/../node_modules/lottie-react-native/src/ios/LottieReactNative",
					"$(SRCROOT)/../node_modules/lottie-ios/lottie-ios/Classes/**",
				);
				INFOPLIST_FILE = CBTCompanionTests/Info.plist;
				IPHONEOS_DEPLOYMENT_TARGET = 8.0;
				LD_RUNPATH_SEARCH_PATHS = "$(inherited) @executable_path/Frameworks @loader_path/Frameworks";
				LIBRARY_SEARCH_PATHS = (
					"$(inherited)",
					"\"$(SRCROOT)/$(TARGET_NAME)\"",
					"\"$(SRCROOT)/$(TARGET_NAME)\"",
					"\"$(SRCROOT)/$(TARGET_NAME)\"",
					"\"$(SRCROOT)/$(TARGET_NAME)\"",
					"\"$(SRCROOT)/$(TARGET_NAME)\"",
					"\"$(SRCROOT)/$(TARGET_NAME)\"",
					"\"$(SRCROOT)/$(TARGET_NAME)\"",
					"\"$(SRCROOT)/$(TARGET_NAME)\"",
					"\"$(SRCROOT)/$(TARGET_NAME)\"",
					"\"$(SRCROOT)/$(TARGET_NAME)\"",
					"\"$(SRCROOT)/$(TARGET_NAME)\"",
					"\"$(SRCROOT)/$(TARGET_NAME)\"",
					"\"$(SRCROOT)/$(TARGET_NAME)\"",
					"\"$(SRCROOT)/$(TARGET_NAME)\"",
					"\"$(SRCROOT)/$(TARGET_NAME)\"",
					"\"$(SRCROOT)/$(TARGET_NAME)\"",
					"\"$(SRCROOT)/$(TARGET_NAME)\"",
					"\"$(SRCROOT)/$(TARGET_NAME)\"",
					"\"$(SRCROOT)/$(TARGET_NAME)/System/Library/Frameworks\"",
					"\"$(SRCROOT)/$(TARGET_NAME)\"",
				);
				OTHER_LDFLAGS = (
					"-ObjC",
					"-lc++",
				);
				PRODUCT_NAME = "$(TARGET_NAME)";
				PROVISIONING_PROFILE_SPECIFIER = "";
				TEST_HOST = "$(BUILT_PRODUCTS_DIR)/CBTCompanion.app/CBTCompanion";
			};
			name = Debug;
		};
		00E356F71AD99517003FC87E /* Release */ = {
			isa = XCBuildConfiguration;
			baseConfigurationReference = 8AE690E001D76772984532D2 /* Pods-CBTCompanionTests.release.xcconfig */;
			buildSettings = {
				ALWAYS_EMBED_SWIFT_STANDARD_LIBRARIES = YES;
				BUNDLE_LOADER = "$(TEST_HOST)";
				CODE_SIGN_IDENTITY = "iPhone Developer";
				CODE_SIGN_STYLE = Automatic;
				COPY_PHASE_STRIP = NO;
				DEVELOPMENT_TEAM = "";
				HEADER_SEARCH_PATHS = (
					"$(inherited)",
					"$(SRCROOT)/../node_modules/react-native-image-crop-picker/ios/**",
					"$(SRCROOT)/../node_modules/react-native-linear-gradient/BVLinearGradient",
					"$(SRCROOT)/../node_modules/react-native-svg/ios/**",
					"$(SRCROOT)/../node_modules/react-native-vector-icons/RNVectorIconsManager",
					"$(SRCROOT)/../node_modules/react-native-analog-clock/ios/react-native-analog-clock/react-native-analog-clock/**",
					"$(SRCROOT)/../node_modules/react-native-image-picker/ios",
					"$(SRCROOT)/../node_modules/amazon-cognito-identity-js/ios/**",
					"$(SRCROOT)/../node_modules/react-native-config/ios/ReactNativeConfig",
					"$(SRCROOT)/../node_modules/react-native-document-picker/ios/RNDocumentPicker",
					"$(SRCROOT)/../node_modules/react-native-video/ios/**",
					"$(SRCROOT)/../node_modules/react-native-iap/ios",
					"$(SRCROOT)/../node_modules/react-native/React/**",
					"$(SRCROOT)/../node_modules/react-native-youtube/**",
					"$(SRCROOT)/../node_modules/rn-fetch-blob/ios/**",
					"$(SRCROOT)/../node_modules/react-native-screens/ios",
					"$(SRCROOT)/../node_modules/react-native-analog-clock/ios/react-native-analog-clock/react-native-analog-clock/**",
					"$(SRCROOT)/../node_modules/react-native-config/ios/ReactNativeConfig",
					"$(SRCROOT)/../node_modules/react-native-document-picker/ios/RNDocumentPicker",
					"$(SRCROOT)/../node_modules/react-native-iap/ios",
					"$(SRCROOT)/../node_modules/react-native-image-crop-picker/ios/**",
					"$(SRCROOT)/../node_modules/react-native-image-picker/ios",
					"$(SRCROOT)/../node_modules/react-native-linear-gradient/BVLinearGradient",
					"$(SRCROOT)/../node_modules/react-native-svg/ios/**",
					"$(SRCROOT)/../node_modules/react-native-vector-icons/RNVectorIconsManager",
					"$(SRCROOT)/../node_modules/amazon-cognito-identity-js/ios/**",
					"$(SRCROOT)/../node_modules/react-native-video/ios/**",
					"$(SRCROOT)/../node_modules/react-native-share/ios",
					"$(SRCROOT)/../node_modules/react-native-gesture-handler/ios/**",
					"$(SRCROOT)/../node_modules/react-native-splash-screen/ios",
					"$(SRCROOT)/../node_modules/lottie-react-native/src/ios/LottieReactNative",
					"$(SRCROOT)/../node_modules/lottie-ios/lottie-ios/Classes/**",
				);
				INFOPLIST_FILE = CBTCompanionTests/Info.plist;
				IPHONEOS_DEPLOYMENT_TARGET = 8.0;
				LD_RUNPATH_SEARCH_PATHS = "$(inherited) @executable_path/Frameworks @loader_path/Frameworks";
				LIBRARY_SEARCH_PATHS = (
					"$(inherited)",
					"\"$(SRCROOT)/$(TARGET_NAME)\"",
					"\"$(SRCROOT)/$(TARGET_NAME)\"",
					"\"$(SRCROOT)/$(TARGET_NAME)\"",
					"\"$(SRCROOT)/$(TARGET_NAME)\"",
					"\"$(SRCROOT)/$(TARGET_NAME)\"",
					"\"$(SRCROOT)/$(TARGET_NAME)\"",
					"\"$(SRCROOT)/$(TARGET_NAME)\"",
					"\"$(SRCROOT)/$(TARGET_NAME)\"",
					"\"$(SRCROOT)/$(TARGET_NAME)\"",
					"\"$(SRCROOT)/$(TARGET_NAME)\"",
					"\"$(SRCROOT)/$(TARGET_NAME)\"",
					"\"$(SRCROOT)/$(TARGET_NAME)\"",
					"\"$(SRCROOT)/$(TARGET_NAME)\"",
					"\"$(SRCROOT)/$(TARGET_NAME)\"",
					"\"$(SRCROOT)/$(TARGET_NAME)\"",
					"\"$(SRCROOT)/$(TARGET_NAME)\"",
					"\"$(SRCROOT)/$(TARGET_NAME)\"",
					"\"$(SRCROOT)/$(TARGET_NAME)\"",
					"\"$(SRCROOT)/$(TARGET_NAME)/System/Library/Frameworks\"",
					"\"$(SRCROOT)/$(TARGET_NAME)\"",
				);
				OTHER_LDFLAGS = (
					"-ObjC",
					"-lc++",
				);
				PRODUCT_NAME = "$(TARGET_NAME)";
				PROVISIONING_PROFILE_SPECIFIER = "";
				TEST_HOST = "$(BUILT_PRODUCTS_DIR)/CBTCompanion.app/CBTCompanion";
			};
			name = Release;
		};
		13B07F941A680F5B00A75B9A /* Debug */ = {
			isa = XCBuildConfiguration;
			baseConfigurationReference = DB8246929574A8347BE31D90 /* Pods-CBTCompanion.debug.xcconfig */;
			buildSettings = {
				ASSETCATALOG_COMPILER_APPICON_NAME = AppIcon;
				ASSETCATALOG_COMPILER_LAUNCHIMAGE_NAME = LaunchImage;
				CLANG_ENABLE_MODULES = YES;
				CODE_SIGN_ENTITLEMENTS = CBTCompanion/CBTCompanion.entitlements;
				CODE_SIGN_IDENTITY = "Apple Development";
				CODE_SIGN_STYLE = Automatic;
				CURRENT_PROJECT_VERSION = 18;
				DEAD_CODE_STRIPPING = NO;
				DEVELOPMENT_TEAM = W45UU68P92;
				HEADER_SEARCH_PATHS = (
					"$(inherited)",
					"$(SRCROOT)/../node_modules/react-native-image-crop-picker/ios/**",
					"$(SRCROOT)/../node_modules/react-native-linear-gradient/BVLinearGradient",
					"$(SRCROOT)/../node_modules/react-native-svg/ios/**",
					"$(SRCROOT)/../node_modules/react-native-vector-icons/RNVectorIconsManager",
					"$(SRCROOT)/../node_modules/react-native-analog-clock/ios/react-native-analog-clock/react-native-analog-clock/**",
					"$(SRCROOT)/../node_modules/react-native-image-picker/ios",
					"$(SRCROOT)/../node_modules/amazon-cognito-identity-js/ios/**",
					"$(SRCROOT)/../node_modules/react-native-config/ios/ReactNativeConfig",
					"$(SRCROOT)/../node_modules/react-native-document-picker/ios/RNDocumentPicker",
					"$(SRCROOT)/../node_modules/react-native-video/ios/**",
					"$(SRCROOT)/../node_modules/react-native-iap/ios",
					"$(SRCROOT)/../node_modules/react-native-youtube/**",
					"$(SRCROOT)/../node_modules/rn-fetch-blob/ios/**",
					"$(SRCROOT)/../node_modules/react-native-screens/ios",
					"$(SRCROOT)/../node_modules/react-native-analog-clock/ios/react-native-analog-clock/react-native-analog-clock/**",
					"$(SRCROOT)/../node_modules/react-native-config/ios/ReactNativeConfig",
					"$(SRCROOT)/../node_modules/react-native-document-picker/ios/RNDocumentPicker",
					"$(SRCROOT)/../node_modules/react-native-iap/ios",
					"$(SRCROOT)/../node_modules/react-native-image-crop-picker/ios/**",
					"$(SRCROOT)/../node_modules/react-native-image-picker/ios",
					"$(SRCROOT)/../node_modules/react-native-linear-gradient/BVLinearGradient",
					"$(SRCROOT)/../node_modules/react-native-svg/ios/**",
					"$(SRCROOT)/../node_modules/react-native-vector-icons/RNVectorIconsManager",
					"$(SRCROOT)/../node_modules/amazon-cognito-identity-js/ios/**",
					"$(SRCROOT)/../node_modules/react-native-video/ios/**",
					"$(SRCROOT)/../node_modules/react-native-share/ios",
					"$(SRCROOT)/../node_modules/react-native-gesture-handler/ios/**",
					"$(SRCROOT)/../node_modules/react-native-splash-screen/ios",
					"$(SRCROOT)/../node_modules/lottie-react-native/src/ios/LottieReactNative",
					"$(SRCROOT)/../node_modules/lottie-ios/lottie-ios/Classes/**",
					"$(SRCROOT)/../node_modules/react-native/Libraries/**",
				);
				INFOPLIST_FILE = CBTCompanion/Info.plist;
				LD_RUNPATH_SEARCH_PATHS = "$(inherited) @executable_path/Frameworks";
				OTHER_LDFLAGS = (
					"$(inherited)",
					"-ObjC",
					"-lc++",
				);
				PRODUCT_BUNDLE_IDENTIFIER = co.swasth.cbtcompanion;
				PRODUCT_NAME = CBTCompanion;
				PROVISIONING_PROFILE = "1b4faf67-b357-4a8b-90b8-2373b9413f9c";
				PROVISIONING_PROFILE_SPECIFIER = "";
				SWIFT_OBJC_BRIDGING_HEADER = "CBTCompanion-Bridging-Header.h";
				SWIFT_OPTIMIZATION_LEVEL = "-Onone";
				SWIFT_VERSION = 5.0;
				TARGETED_DEVICE_FAMILY = "1,2";
				VERSIONING_SYSTEM = "apple-generic";
			};
			name = Debug;
		};
		13B07F951A680F5B00A75B9A /* Release */ = {
			isa = XCBuildConfiguration;
			baseConfigurationReference = BFEAB3387C472784BB1B9395 /* Pods-CBTCompanion.release.xcconfig */;
			buildSettings = {
				ASSETCATALOG_COMPILER_APPICON_NAME = AppIcon;
				ASSETCATALOG_COMPILER_LAUNCHIMAGE_NAME = LaunchImage;
				CLANG_ENABLE_MODULES = YES;
				CODE_SIGN_ENTITLEMENTS = CBTCompanion/CBTCompanion.entitlements;
				CODE_SIGN_IDENTITY = "Apple Development";
				"CODE_SIGN_IDENTITY[sdk=iphoneos*]" = "iPhone Distribution";
				CODE_SIGN_STYLE = Automatic;
				CURRENT_PROJECT_VERSION = 18;
				DEVELOPMENT_TEAM = W45UU68P92;
				HEADER_SEARCH_PATHS = (
					"$(inherited)",
					"$(SRCROOT)/../node_modules/react-native-image-crop-picker/ios/**",
					"$(SRCROOT)/../node_modules/react-native-linear-gradient/BVLinearGradient",
					"$(SRCROOT)/../node_modules/react-native-svg/ios/**",
					"$(SRCROOT)/../node_modules/react-native-vector-icons/RNVectorIconsManager",
					"$(SRCROOT)/../node_modules/react-native-analog-clock/ios/react-native-analog-clock/react-native-analog-clock/**",
					"$(SRCROOT)/../node_modules/react-native-image-picker/ios",
					"$(SRCROOT)/../node_modules/amazon-cognito-identity-js/ios/**",
					"$(SRCROOT)/../node_modules/react-native-config/ios/ReactNativeConfig",
					"$(SRCROOT)/../node_modules/react-native-document-picker/ios/RNDocumentPicker",
					"$(SRCROOT)/../node_modules/react-native-video/ios/**",
					"$(SRCROOT)/../node_modules/react-native-iap/ios",
					"$(SRCROOT)/../node_modules/react-native-youtube/**",
					"$(SRCROOT)/../node_modules/rn-fetch-blob/ios/**",
					"$(SRCROOT)/../node_modules/react-native-screens/ios",
					"$(SRCROOT)/../node_modules/react-native-analog-clock/ios/react-native-analog-clock/react-native-analog-clock/**",
					"$(SRCROOT)/../node_modules/react-native-config/ios/ReactNativeConfig",
					"$(SRCROOT)/../node_modules/react-native-document-picker/ios/RNDocumentPicker",
					"$(SRCROOT)/../node_modules/react-native-iap/ios",
					"$(SRCROOT)/../node_modules/react-native-image-crop-picker/ios/**",
					"$(SRCROOT)/../node_modules/react-native-image-picker/ios",
					"$(SRCROOT)/../node_modules/react-native-linear-gradient/BVLinearGradient",
					"$(SRCROOT)/../node_modules/react-native-svg/ios/**",
					"$(SRCROOT)/../node_modules/react-native-vector-icons/RNVectorIconsManager",
					"$(SRCROOT)/../node_modules/amazon-cognito-identity-js/ios/**",
					"$(SRCROOT)/../node_modules/react-native-video/ios/**",
					"$(SRCROOT)/../node_modules/react-native-share/ios",
					"$(SRCROOT)/../node_modules/react-native-gesture-handler/ios/**",
					"$(SRCROOT)/../node_modules/react-native-splash-screen/ios",
					"$(SRCROOT)/../node_modules/lottie-react-native/src/ios/LottieReactNative",
					"$(SRCROOT)/../node_modules/lottie-ios/lottie-ios/Classes/**",
					"$(SRCROOT)/../node_modules/react-native/Libraries/**",
				);
				INFOPLIST_FILE = CBTCompanion/Info.plist;
				LD_RUNPATH_SEARCH_PATHS = "$(inherited) @executable_path/Frameworks";
				OTHER_LDFLAGS = (
					"$(inherited)",
					"-ObjC",
					"-lc++",
				);
				PRODUCT_BUNDLE_IDENTIFIER = co.swasth.cbtcompanion;
				PRODUCT_NAME = CBTCompanion;
				PROVISIONING_PROFILE = "e239dd13-cf30-4df5-ae8a-f5dc0ed5ca24";
				PROVISIONING_PROFILE_SPECIFIER = "";
				SWIFT_OBJC_BRIDGING_HEADER = "CBTCompanion-Bridging-Header.h";
				SWIFT_VERSION = 5.0;
				TARGETED_DEVICE_FAMILY = "1,2";
				VERSIONING_SYSTEM = "apple-generic";
			};
			name = Release;
		};
		2D02E4971E0B4A5E006451C7 /* Debug */ = {
			isa = XCBuildConfiguration;
			baseConfigurationReference = 97B6BB6650111B3369CAE5A5 /* Pods-CBTCompanion-tvOS.debug.xcconfig */;
			buildSettings = {
				ASSETCATALOG_COMPILER_APPICON_NAME = "App Icon & Top Shelf Image";
				ASSETCATALOG_COMPILER_LAUNCHIMAGE_NAME = LaunchImage;
				CLANG_ANALYZER_NONNULL = YES;
				CLANG_WARN_DOCUMENTATION_COMMENTS = YES;
				CLANG_WARN_INFINITE_RECURSION = YES;
				CLANG_WARN_SUSPICIOUS_MOVE = YES;
				DEBUG_INFORMATION_FORMAT = dwarf;
				ENABLE_TESTABILITY = YES;
				GCC_NO_COMMON_BLOCKS = YES;
				HEADER_SEARCH_PATHS = (
					"$(inherited)",
					"$(SRCROOT)/../node_modules/react-native-image-crop-picker/ios/**",
					"$(SRCROOT)/../node_modules/react-native-linear-gradient/BVLinearGradient",
					"$(SRCROOT)/../node_modules/react-native-svg/ios/**",
					"$(SRCROOT)/../node_modules/react-native-vector-icons/RNVectorIconsManager",
					"$(SRCROOT)/../node_modules/react-native-analog-clock/ios/react-native-analog-clock/react-native-analog-clock/**",
					"$(SRCROOT)/../node_modules/react-native-image-picker/ios",
					"$(SRCROOT)/../node_modules/amazon-cognito-identity-js/ios/**",
					"$(SRCROOT)/../node_modules/react-native-config/ios/ReactNativeConfig",
					"$(SRCROOT)/../node_modules/react-native-document-picker/ios/RNDocumentPicker",
					"$(SRCROOT)/../node_modules/react-native-video/ios/**",
					"$(SRCROOT)/../node_modules/react-native-iap/ios",
					"$(SRCROOT)/../node_modules/react-native-youtube/**",
					"$(SRCROOT)/../node_modules/rn-fetch-blob/ios/**",
					"$(SRCROOT)/../node_modules/react-native-screens/ios",
					"$(SRCROOT)/../node_modules/react-native-analog-clock/ios/react-native-analog-clock/react-native-analog-clock/**",
					"$(SRCROOT)/../node_modules/react-native-config/ios/ReactNativeConfig",
					"$(SRCROOT)/../node_modules/react-native-document-picker/ios/RNDocumentPicker",
					"$(SRCROOT)/../node_modules/react-native-iap/ios",
					"$(SRCROOT)/../node_modules/react-native-image-crop-picker/ios/**",
					"$(SRCROOT)/../node_modules/react-native-image-picker/ios",
					"$(SRCROOT)/../node_modules/react-native-linear-gradient/BVLinearGradient",
					"$(SRCROOT)/../node_modules/react-native-svg/ios/**",
					"$(SRCROOT)/../node_modules/react-native-vector-icons/RNVectorIconsManager",
					"$(SRCROOT)/../node_modules/amazon-cognito-identity-js/ios/**",
					"$(SRCROOT)/../node_modules/react-native-video/ios/**",
					"$(SRCROOT)/../node_modules/react-native-share/ios",
					"$(SRCROOT)/../node_modules/react-native-gesture-handler/ios/**",
					"$(SRCROOT)/../node_modules/react-native-splash-screen/ios",
					"$(SRCROOT)/../node_modules/lottie-react-native/src/ios/LottieReactNative",
					"$(SRCROOT)/../node_modules/lottie-ios/lottie-ios/Classes/**",
				);
				INFOPLIST_FILE = "CBTCompanion-tvOS/Info.plist";
				LD_RUNPATH_SEARCH_PATHS = "$(inherited) @executable_path/Frameworks";
				LIBRARY_SEARCH_PATHS = (
					"$(inherited)",
					"\"$(SRCROOT)/$(TARGET_NAME)\"",
					"\"$(SRCROOT)/$(TARGET_NAME)\"",
					"\"$(SRCROOT)/$(TARGET_NAME)\"",
					"\"$(SRCROOT)/$(TARGET_NAME)\"",
					"\"$(SRCROOT)/$(TARGET_NAME)\"",
					"\"$(SRCROOT)/$(TARGET_NAME)\"",
					"\"$(SRCROOT)/$(TARGET_NAME)\"",
					"\"$(SRCROOT)/$(TARGET_NAME)\"",
					"\"$(SRCROOT)/$(TARGET_NAME)\"",
					"\"$(SRCROOT)/$(TARGET_NAME)\"",
					"\"$(SRCROOT)/$(TARGET_NAME)\"",
					"\"$(SRCROOT)/$(TARGET_NAME)\"",
					"\"$(SRCROOT)/$(TARGET_NAME)\"",
					"\"$(SRCROOT)/$(TARGET_NAME)\"",
					"\"$(SRCROOT)/$(TARGET_NAME)\"",
					"\"$(SRCROOT)/$(TARGET_NAME)\"",
					"\"$(SRCROOT)/$(TARGET_NAME)\"",
					"\"$(SRCROOT)/$(TARGET_NAME)\"",
					"\"$(SRCROOT)/$(TARGET_NAME)/System/Library/Frameworks\"",
					"\"$(SRCROOT)/$(TARGET_NAME)\"",
				);
				OTHER_LDFLAGS = (
					"-ObjC",
					"-lc++",
				);
				PRODUCT_BUNDLE_IDENTIFIER = "com.facebook.REACT.CBTCompanion-tvOS";
				PRODUCT_NAME = "$(TARGET_NAME)";
				SDKROOT = appletvos;
				TARGETED_DEVICE_FAMILY = 3;
				TVOS_DEPLOYMENT_TARGET = 9.2;
			};
			name = Debug;
		};
		2D02E4981E0B4A5E006451C7 /* Release */ = {
			isa = XCBuildConfiguration;
			baseConfigurationReference = FA7511E6DDE6E2317039C0D7 /* Pods-CBTCompanion-tvOS.release.xcconfig */;
			buildSettings = {
				ASSETCATALOG_COMPILER_APPICON_NAME = "App Icon & Top Shelf Image";
				ASSETCATALOG_COMPILER_LAUNCHIMAGE_NAME = LaunchImage;
				CLANG_ANALYZER_NONNULL = YES;
				CLANG_WARN_DOCUMENTATION_COMMENTS = YES;
				CLANG_WARN_INFINITE_RECURSION = YES;
				CLANG_WARN_SUSPICIOUS_MOVE = YES;
				COPY_PHASE_STRIP = NO;
				DEBUG_INFORMATION_FORMAT = "dwarf-with-dsym";
				GCC_NO_COMMON_BLOCKS = YES;
				HEADER_SEARCH_PATHS = (
					"$(inherited)",
					"$(SRCROOT)/../node_modules/react-native-image-crop-picker/ios/**",
					"$(SRCROOT)/../node_modules/react-native-linear-gradient/BVLinearGradient",
					"$(SRCROOT)/../node_modules/react-native-svg/ios/**",
					"$(SRCROOT)/../node_modules/react-native-vector-icons/RNVectorIconsManager",
					"$(SRCROOT)/../node_modules/react-native-analog-clock/ios/react-native-analog-clock/react-native-analog-clock/**",
					"$(SRCROOT)/../node_modules/react-native-image-picker/ios",
					"$(SRCROOT)/../node_modules/amazon-cognito-identity-js/ios/**",
					"$(SRCROOT)/../node_modules/react-native-config/ios/ReactNativeConfig",
					"$(SRCROOT)/../node_modules/react-native-document-picker/ios/RNDocumentPicker",
					"$(SRCROOT)/../node_modules/react-native-video/ios/**",
					"$(SRCROOT)/../node_modules/react-native-iap/ios",
					"$(SRCROOT)/../node_modules/react-native-youtube/**",
					"$(SRCROOT)/../node_modules/rn-fetch-blob/ios/**",
					"$(SRCROOT)/../node_modules/react-native-screens/ios",
					"$(SRCROOT)/../node_modules/react-native-analog-clock/ios/react-native-analog-clock/react-native-analog-clock/**",
					"$(SRCROOT)/../node_modules/react-native-config/ios/ReactNativeConfig",
					"$(SRCROOT)/../node_modules/react-native-document-picker/ios/RNDocumentPicker",
					"$(SRCROOT)/../node_modules/react-native-iap/ios",
					"$(SRCROOT)/../node_modules/react-native-image-crop-picker/ios/**",
					"$(SRCROOT)/../node_modules/react-native-image-picker/ios",
					"$(SRCROOT)/../node_modules/react-native-linear-gradient/BVLinearGradient",
					"$(SRCROOT)/../node_modules/react-native-svg/ios/**",
					"$(SRCROOT)/../node_modules/react-native-vector-icons/RNVectorIconsManager",
					"$(SRCROOT)/../node_modules/amazon-cognito-identity-js/ios/**",
					"$(SRCROOT)/../node_modules/react-native-video/ios/**",
					"$(SRCROOT)/../node_modules/react-native-share/ios",
					"$(SRCROOT)/../node_modules/react-native-gesture-handler/ios/**",
					"$(SRCROOT)/../node_modules/react-native-splash-screen/ios",
					"$(SRCROOT)/../node_modules/lottie-react-native/src/ios/LottieReactNative",
					"$(SRCROOT)/../node_modules/lottie-ios/lottie-ios/Classes/**",
				);
				INFOPLIST_FILE = "CBTCompanion-tvOS/Info.plist";
				LD_RUNPATH_SEARCH_PATHS = "$(inherited) @executable_path/Frameworks";
				LIBRARY_SEARCH_PATHS = (
					"$(inherited)",
					"\"$(SRCROOT)/$(TARGET_NAME)\"",
					"\"$(SRCROOT)/$(TARGET_NAME)\"",
					"\"$(SRCROOT)/$(TARGET_NAME)\"",
					"\"$(SRCROOT)/$(TARGET_NAME)\"",
					"\"$(SRCROOT)/$(TARGET_NAME)\"",
					"\"$(SRCROOT)/$(TARGET_NAME)\"",
					"\"$(SRCROOT)/$(TARGET_NAME)\"",
					"\"$(SRCROOT)/$(TARGET_NAME)\"",
					"\"$(SRCROOT)/$(TARGET_NAME)\"",
					"\"$(SRCROOT)/$(TARGET_NAME)\"",
					"\"$(SRCROOT)/$(TARGET_NAME)\"",
					"\"$(SRCROOT)/$(TARGET_NAME)\"",
					"\"$(SRCROOT)/$(TARGET_NAME)\"",
					"\"$(SRCROOT)/$(TARGET_NAME)\"",
					"\"$(SRCROOT)/$(TARGET_NAME)\"",
					"\"$(SRCROOT)/$(TARGET_NAME)\"",
					"\"$(SRCROOT)/$(TARGET_NAME)\"",
					"\"$(SRCROOT)/$(TARGET_NAME)\"",
					"\"$(SRCROOT)/$(TARGET_NAME)/System/Library/Frameworks\"",
					"\"$(SRCROOT)/$(TARGET_NAME)\"",
				);
				OTHER_LDFLAGS = (
					"-ObjC",
					"-lc++",
				);
				PRODUCT_BUNDLE_IDENTIFIER = "com.facebook.REACT.CBTCompanion-tvOS";
				PRODUCT_NAME = "$(TARGET_NAME)";
				SDKROOT = appletvos;
				TARGETED_DEVICE_FAMILY = 3;
				TVOS_DEPLOYMENT_TARGET = 9.2;
			};
			name = Release;
		};
		2D02E4991E0B4A5E006451C7 /* Debug */ = {
			isa = XCBuildConfiguration;
			buildSettings = {
				BUNDLE_LOADER = "$(TEST_HOST)";
				CLANG_ANALYZER_NONNULL = YES;
				CLANG_WARN_DOCUMENTATION_COMMENTS = YES;
				CLANG_WARN_INFINITE_RECURSION = YES;
				CLANG_WARN_SUSPICIOUS_MOVE = YES;
				DEBUG_INFORMATION_FORMAT = dwarf;
				ENABLE_TESTABILITY = YES;
				GCC_NO_COMMON_BLOCKS = YES;
				HEADER_SEARCH_PATHS = (
					"$(inherited)",
					"$(SRCROOT)/../node_modules/react-native-image-crop-picker/ios/**",
					"$(SRCROOT)/../node_modules/react-native-linear-gradient/BVLinearGradient",
					"$(SRCROOT)/../node_modules/react-native-svg/ios/**",
					"$(SRCROOT)/../node_modules/react-native-vector-icons/RNVectorIconsManager",
					"$(SRCROOT)/../node_modules/react-native-analog-clock/ios/react-native-analog-clock/react-native-analog-clock/**",
					"$(SRCROOT)/../node_modules/react-native-image-picker/ios",
					"$(SRCROOT)/../node_modules/amazon-cognito-identity-js/ios/**",
					"$(SRCROOT)/../node_modules/react-native-config/ios/ReactNativeConfig",
					"$(SRCROOT)/../node_modules/react-native-document-picker/ios/RNDocumentPicker",
					"$(SRCROOT)/../node_modules/react-native-video/ios/**",
					"$(SRCROOT)/../node_modules/react-native-iap/ios",
					"$(SRCROOT)/../node_modules/react-native-youtube/**",
					"$(SRCROOT)/../node_modules/rn-fetch-blob/ios/**",
					"$(SRCROOT)/../node_modules/react-native-screens/ios",
					"$(SRCROOT)/../node_modules/react-native-analog-clock/ios/react-native-analog-clock/react-native-analog-clock/**",
					"$(SRCROOT)/../node_modules/react-native-config/ios/ReactNativeConfig",
					"$(SRCROOT)/../node_modules/react-native-document-picker/ios/RNDocumentPicker",
					"$(SRCROOT)/../node_modules/react-native-iap/ios",
					"$(SRCROOT)/../node_modules/react-native-image-crop-picker/ios/**",
					"$(SRCROOT)/../node_modules/react-native-image-picker/ios",
					"$(SRCROOT)/../node_modules/react-native-linear-gradient/BVLinearGradient",
					"$(SRCROOT)/../node_modules/react-native-svg/ios/**",
					"$(SRCROOT)/../node_modules/react-native-vector-icons/RNVectorIconsManager",
					"$(SRCROOT)/../node_modules/amazon-cognito-identity-js/ios/**",
					"$(SRCROOT)/../node_modules/react-native-video/ios/**",
					"$(SRCROOT)/../node_modules/react-native-share/ios",
					"$(SRCROOT)/../node_modules/react-native-gesture-handler/ios/**",
					"$(SRCROOT)/../node_modules/react-native-splash-screen/ios",
					"$(SRCROOT)/../node_modules/lottie-react-native/src/ios/LottieReactNative",
					"$(SRCROOT)/../node_modules/lottie-ios/lottie-ios/Classes/**",
				);
				INFOPLIST_FILE = "CBTCompanion-tvOSTests/Info.plist";
				LD_RUNPATH_SEARCH_PATHS = "$(inherited) @executable_path/Frameworks @loader_path/Frameworks";
				LIBRARY_SEARCH_PATHS = (
					"$(inherited)",
					"\"$(SRCROOT)/$(TARGET_NAME)\"",
					"\"$(SRCROOT)/$(TARGET_NAME)\"",
					"\"$(SRCROOT)/$(TARGET_NAME)\"",
					"\"$(SRCROOT)/$(TARGET_NAME)\"",
					"\"$(SRCROOT)/$(TARGET_NAME)\"",
					"\"$(SRCROOT)/$(TARGET_NAME)\"",
					"\"$(SRCROOT)/$(TARGET_NAME)\"",
					"\"$(SRCROOT)/$(TARGET_NAME)\"",
					"\"$(SRCROOT)/$(TARGET_NAME)\"",
					"\"$(SRCROOT)/$(TARGET_NAME)\"",
					"\"$(SRCROOT)/$(TARGET_NAME)\"",
					"\"$(SRCROOT)/$(TARGET_NAME)\"",
					"\"$(SRCROOT)/$(TARGET_NAME)\"",
					"\"$(SRCROOT)/$(TARGET_NAME)\"",
					"\"$(SRCROOT)/$(TARGET_NAME)\"",
					"\"$(SRCROOT)/$(TARGET_NAME)\"",
					"\"$(SRCROOT)/$(TARGET_NAME)\"",
					"\"$(SRCROOT)/$(TARGET_NAME)\"",
					"\"$(SRCROOT)/$(TARGET_NAME)/System/Library/Frameworks\"",
					"\"$(SRCROOT)/$(TARGET_NAME)\"",
				);
				OTHER_LDFLAGS = (
					"-ObjC",
					"-lc++",
				);
				PRODUCT_BUNDLE_IDENTIFIER = "com.facebook.REACT.CBTCompanion-tvOSTests";
				PRODUCT_NAME = "$(TARGET_NAME)";
				SDKROOT = appletvos;
				TEST_HOST = "$(BUILT_PRODUCTS_DIR)/CBTCompanion-tvOS.app/CBTCompanion-tvOS";
				TVOS_DEPLOYMENT_TARGET = 10.1;
			};
			name = Debug;
		};
		2D02E49A1E0B4A5E006451C7 /* Release */ = {
			isa = XCBuildConfiguration;
			buildSettings = {
				BUNDLE_LOADER = "$(TEST_HOST)";
				CLANG_ANALYZER_NONNULL = YES;
				CLANG_WARN_DOCUMENTATION_COMMENTS = YES;
				CLANG_WARN_INFINITE_RECURSION = YES;
				CLANG_WARN_SUSPICIOUS_MOVE = YES;
				COPY_PHASE_STRIP = NO;
				DEBUG_INFORMATION_FORMAT = "dwarf-with-dsym";
				GCC_NO_COMMON_BLOCKS = YES;
				HEADER_SEARCH_PATHS = (
					"$(inherited)",
					"$(SRCROOT)/../node_modules/react-native-image-crop-picker/ios/**",
					"$(SRCROOT)/../node_modules/react-native-linear-gradient/BVLinearGradient",
					"$(SRCROOT)/../node_modules/react-native-svg/ios/**",
					"$(SRCROOT)/../node_modules/react-native-vector-icons/RNVectorIconsManager",
					"$(SRCROOT)/../node_modules/react-native-analog-clock/ios/react-native-analog-clock/react-native-analog-clock/**",
					"$(SRCROOT)/../node_modules/react-native-image-picker/ios",
					"$(SRCROOT)/../node_modules/amazon-cognito-identity-js/ios/**",
					"$(SRCROOT)/../node_modules/react-native-config/ios/ReactNativeConfig",
					"$(SRCROOT)/../node_modules/react-native-document-picker/ios/RNDocumentPicker",
					"$(SRCROOT)/../node_modules/react-native-video/ios/**",
					"$(SRCROOT)/../node_modules/react-native-iap/ios",
					"$(SRCROOT)/../node_modules/react-native-youtube/**",
					"$(SRCROOT)/../node_modules/rn-fetch-blob/ios/**",
					"$(SRCROOT)/../node_modules/react-native-screens/ios",
					"$(SRCROOT)/../node_modules/react-native-analog-clock/ios/react-native-analog-clock/react-native-analog-clock/**",
					"$(SRCROOT)/../node_modules/react-native-config/ios/ReactNativeConfig",
					"$(SRCROOT)/../node_modules/react-native-document-picker/ios/RNDocumentPicker",
					"$(SRCROOT)/../node_modules/react-native-iap/ios",
					"$(SRCROOT)/../node_modules/react-native-image-crop-picker/ios/**",
					"$(SRCROOT)/../node_modules/react-native-image-picker/ios",
					"$(SRCROOT)/../node_modules/react-native-linear-gradient/BVLinearGradient",
					"$(SRCROOT)/../node_modules/react-native-svg/ios/**",
					"$(SRCROOT)/../node_modules/react-native-vector-icons/RNVectorIconsManager",
					"$(SRCROOT)/../node_modules/amazon-cognito-identity-js/ios/**",
					"$(SRCROOT)/../node_modules/react-native-video/ios/**",
					"$(SRCROOT)/../node_modules/react-native-share/ios",
					"$(SRCROOT)/../node_modules/react-native-gesture-handler/ios/**",
					"$(SRCROOT)/../node_modules/react-native-splash-screen/ios",
					"$(SRCROOT)/../node_modules/lottie-react-native/src/ios/LottieReactNative",
					"$(SRCROOT)/../node_modules/lottie-ios/lottie-ios/Classes/**",
				);
				INFOPLIST_FILE = "CBTCompanion-tvOSTests/Info.plist";
				LD_RUNPATH_SEARCH_PATHS = "$(inherited) @executable_path/Frameworks @loader_path/Frameworks";
				LIBRARY_SEARCH_PATHS = (
					"$(inherited)",
					"\"$(SRCROOT)/$(TARGET_NAME)\"",
					"\"$(SRCROOT)/$(TARGET_NAME)\"",
					"\"$(SRCROOT)/$(TARGET_NAME)\"",
					"\"$(SRCROOT)/$(TARGET_NAME)\"",
					"\"$(SRCROOT)/$(TARGET_NAME)\"",
					"\"$(SRCROOT)/$(TARGET_NAME)\"",
					"\"$(SRCROOT)/$(TARGET_NAME)\"",
					"\"$(SRCROOT)/$(TARGET_NAME)\"",
					"\"$(SRCROOT)/$(TARGET_NAME)\"",
					"\"$(SRCROOT)/$(TARGET_NAME)\"",
					"\"$(SRCROOT)/$(TARGET_NAME)\"",
					"\"$(SRCROOT)/$(TARGET_NAME)\"",
					"\"$(SRCROOT)/$(TARGET_NAME)\"",
					"\"$(SRCROOT)/$(TARGET_NAME)\"",
					"\"$(SRCROOT)/$(TARGET_NAME)\"",
					"\"$(SRCROOT)/$(TARGET_NAME)\"",
					"\"$(SRCROOT)/$(TARGET_NAME)\"",
					"\"$(SRCROOT)/$(TARGET_NAME)\"",
					"\"$(SRCROOT)/$(TARGET_NAME)/System/Library/Frameworks\"",
					"\"$(SRCROOT)/$(TARGET_NAME)\"",
				);
				OTHER_LDFLAGS = (
					"-ObjC",
					"-lc++",
				);
				PRODUCT_BUNDLE_IDENTIFIER = "com.facebook.REACT.CBTCompanion-tvOSTests";
				PRODUCT_NAME = "$(TARGET_NAME)";
				SDKROOT = appletvos;
				TEST_HOST = "$(BUILT_PRODUCTS_DIR)/CBTCompanion-tvOS.app/CBTCompanion-tvOS";
				TVOS_DEPLOYMENT_TARGET = 10.1;
			};
			name = Release;
		};
		83CBBA201A601CBA00E9B192 /* Debug */ = {
			isa = XCBuildConfiguration;
			buildSettings = {
				ALWAYS_SEARCH_USER_PATHS = NO;
				CLANG_CXX_LANGUAGE_STANDARD = "gnu++0x";
				CLANG_CXX_LIBRARY = "libc++";
				CLANG_ENABLE_MODULES = YES;
				CLANG_ENABLE_OBJC_ARC = YES;
				CLANG_WARN_BOOL_CONVERSION = YES;
				CLANG_WARN_CONSTANT_CONVERSION = YES;
				CLANG_WARN_DIRECT_OBJC_ISA_USAGE = YES_ERROR;
				CLANG_WARN_EMPTY_BODY = YES;
				CLANG_WARN_ENUM_CONVERSION = YES;
				CLANG_WARN_INT_CONVERSION = YES;
				CLANG_WARN_OBJC_ROOT_CLASS = YES_ERROR;
				CLANG_WARN_UNREACHABLE_CODE = YES;
				CLANG_WARN__DUPLICATE_METHOD_MATCH = YES;
				"CODE_SIGN_IDENTITY[sdk=iphoneos*]" = "iPhone Developer";
				COPY_PHASE_STRIP = NO;
				ENABLE_STRICT_OBJC_MSGSEND = YES;
				GCC_C_LANGUAGE_STANDARD = gnu99;
				GCC_DYNAMIC_NO_PIC = NO;
				GCC_OPTIMIZATION_LEVEL = 0;
				GCC_PREPROCESSOR_DEFINITIONS = (
					"DEBUG=1",
					"$(inherited)",
				);
				GCC_SYMBOLS_PRIVATE_EXTERN = NO;
				GCC_WARN_64_TO_32_BIT_CONVERSION = YES;
				GCC_WARN_ABOUT_RETURN_TYPE = YES_ERROR;
				GCC_WARN_UNDECLARED_SELECTOR = YES;
				GCC_WARN_UNINITIALIZED_AUTOS = YES_AGGRESSIVE;
				GCC_WARN_UNUSED_FUNCTION = YES;
				GCC_WARN_UNUSED_VARIABLE = YES;
				IPHONEOS_DEPLOYMENT_TARGET = 8.0;
				MTL_ENABLE_DEBUG_INFO = YES;
				ONLY_ACTIVE_ARCH = YES;
				SDKROOT = iphoneos;
			};
			name = Debug;
		};
		83CBBA211A601CBA00E9B192 /* Release */ = {
			isa = XCBuildConfiguration;
			buildSettings = {
				ALWAYS_SEARCH_USER_PATHS = NO;
				CLANG_CXX_LANGUAGE_STANDARD = "gnu++0x";
				CLANG_CXX_LIBRARY = "libc++";
				CLANG_ENABLE_MODULES = YES;
				CLANG_ENABLE_OBJC_ARC = YES;
				CLANG_WARN_BOOL_CONVERSION = YES;
				CLANG_WARN_CONSTANT_CONVERSION = YES;
				CLANG_WARN_DIRECT_OBJC_ISA_USAGE = YES_ERROR;
				CLANG_WARN_EMPTY_BODY = YES;
				CLANG_WARN_ENUM_CONVERSION = YES;
				CLANG_WARN_INT_CONVERSION = YES;
				CLANG_WARN_OBJC_ROOT_CLASS = YES_ERROR;
				CLANG_WARN_UNREACHABLE_CODE = YES;
				CLANG_WARN__DUPLICATE_METHOD_MATCH = YES;
				"CODE_SIGN_IDENTITY[sdk=iphoneos*]" = "iPhone Developer";
				COPY_PHASE_STRIP = YES;
				ENABLE_NS_ASSERTIONS = NO;
				ENABLE_STRICT_OBJC_MSGSEND = YES;
				GCC_C_LANGUAGE_STANDARD = gnu99;
				GCC_WARN_64_TO_32_BIT_CONVERSION = YES;
				GCC_WARN_ABOUT_RETURN_TYPE = YES_ERROR;
				GCC_WARN_UNDECLARED_SELECTOR = YES;
				GCC_WARN_UNINITIALIZED_AUTOS = YES_AGGRESSIVE;
				GCC_WARN_UNUSED_FUNCTION = YES;
				GCC_WARN_UNUSED_VARIABLE = YES;
				IPHONEOS_DEPLOYMENT_TARGET = 8.0;
				MTL_ENABLE_DEBUG_INFO = NO;
				SDKROOT = iphoneos;
				VALIDATE_PRODUCT = YES;
			};
			name = Release;
		};
/* End XCBuildConfiguration section */

/* Begin XCConfigurationList section */
		00E357021AD99517003FC87E /* Build configuration list for PBXNativeTarget "CBTCompanionTests" */ = {
			isa = XCConfigurationList;
			buildConfigurations = (
				00E356F61AD99517003FC87E /* Debug */,
				00E356F71AD99517003FC87E /* Release */,
			);
			defaultConfigurationIsVisible = 0;
			defaultConfigurationName = Release;
		};
		13B07F931A680F5B00A75B9A /* Build configuration list for PBXNativeTarget "CBTCompanion" */ = {
			isa = XCConfigurationList;
			buildConfigurations = (
				13B07F941A680F5B00A75B9A /* Debug */,
				13B07F951A680F5B00A75B9A /* Release */,
			);
			defaultConfigurationIsVisible = 0;
			defaultConfigurationName = Release;
		};
		2D02E4BA1E0B4A5E006451C7 /* Build configuration list for PBXNativeTarget "CBTCompanion-tvOS" */ = {
			isa = XCConfigurationList;
			buildConfigurations = (
				2D02E4971E0B4A5E006451C7 /* Debug */,
				2D02E4981E0B4A5E006451C7 /* Release */,
			);
			defaultConfigurationIsVisible = 0;
			defaultConfigurationName = Release;
		};
		2D02E4BB1E0B4A5E006451C7 /* Build configuration list for PBXNativeTarget "CBTCompanion-tvOSTests" */ = {
			isa = XCConfigurationList;
			buildConfigurations = (
				2D02E4991E0B4A5E006451C7 /* Debug */,
				2D02E49A1E0B4A5E006451C7 /* Release */,
			);
			defaultConfigurationIsVisible = 0;
			defaultConfigurationName = Release;
		};
		83CBB9FA1A601CBA00E9B192 /* Build configuration list for PBXProject "CBTCompanion" */ = {
			isa = XCConfigurationList;
			buildConfigurations = (
				83CBBA201A601CBA00E9B192 /* Debug */,
				83CBBA211A601CBA00E9B192 /* Release */,
			);
			defaultConfigurationIsVisible = 0;
			defaultConfigurationName = Release;
		};
/* End XCConfigurationList section */
	};
	rootObject = 83CBB9F71A601CBA00E9B192 /* Project object */;
}
